
Microsoft Visual Studio Solution File, Format Version 12.00
# Visual Studio 2012
VisualStudioVersion = 14.0.24720.0
MinimumVisualStudioVersion = 10.0.40219.1
Project("{FAE04EC0-301F-11D3-BF4B-00C04F79EFBC}") = "Acquaint.Native.iOS", "Acquaint.Native\Acquaint.Native.iOS\Acquaint.Native.iOS.csproj", "{8B9A9EFD-5B43-434F-8FD5-AD040CD5201B}"
EndProject
Project("{FAE04EC0-301F-11D3-BF4B-00C04F79EFBC}") = "Acquaint.Native.Droid", "Acquaint.Native\Acquaint.Native.Droid\Acquaint.Native.Droid.csproj", "{CFBC7191-CBAB-4544-AA32-E5DABDE81B14}"
EndProject
Project("{2150E333-8FDC-42A3-9474-1A3956D46DE8}") = "Common", "Common", "{63D70FBD-5C5B-44DF-B043-28A6AFF32573}"
EndProject
Project("{2150E333-8FDC-42A3-9474-1A3956D46DE8}") = "Tests", "Tests", "{B1D60F6A-6894-4728-9583-C9B73D6767C4}"
EndProject
Project("{FAE04EC0-301F-11D3-BF4B-00C04F79EFBC}") = "Acquaint.Native.UITest.iOS", "Acquaint.Native\Acquaint.Native.UITest\Acquaint.Native.UITest.iOS\Acquaint.Native.UITest.iOS.csproj", "{654F8BEC-D2D2-4213-AAF0-BFA637A12FC1}"
EndProject
Project("{FAE04EC0-301F-11D3-BF4B-00C04F79EFBC}") = "Acquaint.Native.UITest.Android", "Acquaint.Native\Acquaint.Native.UITest\Acquaint.Native.UITest.Android\Acquaint.Native.UITest.Android.csproj", "{C4ADABA2-C8DF-470A-9616-31780A649462}"
EndProject
Project("{FAE04EC0-301F-11D3-BF4B-00C04F79EFBC}") = "Acquaint.Data", "Common\Acquaint.Data\Acquaint.Data.csproj", "{5A3530AB-4053-4CF3-BEDE-A3E04C45D255}"
EndProject
Project("{FAE04EC0-301F-11D3-BF4B-00C04F79EFBC}") = "Acquaint.Util", "Common\Acquaint.Util\Acquaint.Util.csproj", "{1D18D929-1B53-4AF9-9499-14ABB26D257F}"
EndProject
Project("{FAE04EC0-301F-11D3-BF4B-00C04F79EFBC}") = "Acquaint.Common.Droid", "Common\Acquaint.Common.Droid\Acquaint.Common.Droid.csproj", "{1C2073B0-B1E6-4D3B-9D10-B0F278C671E4}"
EndProject
Project("{FAE04EC0-301F-11D3-BF4B-00C04F79EFBC}") = "Acquaint.Common.iOS", "Common\Acquaint.Common.iOS\Acquaint.Common.iOS.csproj", "{D480A440-318D-4CD2-A662-17D6179B14DE}"
EndProject
Project("{FAE04EC0-301F-11D3-BF4B-00C04F79EFBC}") = "Acquaint.Models", "Common\Acquaint.Models\Acquaint.Models.csproj", "{2C4B0766-DF89-4466-B841-0BA58FD9D19B}"
EndProject
Project("{FAE04EC0-301F-11D3-BF4B-00C04F79EFBC}") = "Acquaint.ModelContracts", "..\Common\Acquaint.ModelContracts\Acquaint.ModelContracts.csproj", "{ED10B823-AA77-4142-919F-6A42C4D087A9}"
EndProject
Project("{FAE04EC0-301F-11D3-BF4B-00C04F79EFBC}") = "Acquaint.Abstractions", "Common\Acquaint.Abstractions\Acquaint.Abstractions.csproj", "{0B984675-688B-41C6-BEB7-D104DE9158C3}"
EndProject
Global
	GlobalSection(SolutionConfigurationPlatforms) = preSolution
		Debug|Any CPU = Debug|Any CPU
		Debug|iPhone = Debug|iPhone
		Debug|iPhoneSimulator = Debug|iPhoneSimulator
		Release|Any CPU = Release|Any CPU
		Release|iPhone = Release|iPhone
		Release|iPhoneSimulator = Release|iPhoneSimulator
	EndGlobalSection
	GlobalSection(ProjectConfigurationPlatforms) = postSolution
		{654F8BEC-D2D2-4213-AAF0-BFA637A12FC1}.Debug|Any CPU.ActiveCfg = Debug|Any CPU
		{654F8BEC-D2D2-4213-AAF0-BFA637A12FC1}.Debug|Any CPU.Build.0 = Debug|Any CPU
		{654F8BEC-D2D2-4213-AAF0-BFA637A12FC1}.Debug|iPhone.ActiveCfg = Debug|Any CPU
		{654F8BEC-D2D2-4213-AAF0-BFA637A12FC1}.Debug|iPhone.Build.0 = Debug|Any CPU
		{654F8BEC-D2D2-4213-AAF0-BFA637A12FC1}.Debug|iPhoneSimulator.ActiveCfg = Debug|Any CPU
		{654F8BEC-D2D2-4213-AAF0-BFA637A12FC1}.Debug|iPhoneSimulator.Build.0 = Debug|Any CPU
		{654F8BEC-D2D2-4213-AAF0-BFA637A12FC1}.Release|Any CPU.ActiveCfg = Release|Any CPU
		{654F8BEC-D2D2-4213-AAF0-BFA637A12FC1}.Release|Any CPU.Build.0 = Release|Any CPU
		{654F8BEC-D2D2-4213-AAF0-BFA637A12FC1}.Release|iPhone.ActiveCfg = Release|Any CPU
		{654F8BEC-D2D2-4213-AAF0-BFA637A12FC1}.Release|iPhone.Build.0 = Release|Any CPU
		{654F8BEC-D2D2-4213-AAF0-BFA637A12FC1}.Release|iPhoneSimulator.ActiveCfg = Release|Any CPU
		{654F8BEC-D2D2-4213-AAF0-BFA637A12FC1}.Release|iPhoneSimulator.Build.0 = Release|Any CPU
		{8B9A9EFD-5B43-434F-8FD5-AD040CD5201B}.Debug|Any CPU.ActiveCfg = Debug|iPhoneSimulator
		{8B9A9EFD-5B43-434F-8FD5-AD040CD5201B}.Debug|iPhone.ActiveCfg = Debug|iPhone
		{8B9A9EFD-5B43-434F-8FD5-AD040CD5201B}.Debug|iPhone.Build.0 = Debug|iPhone
		{8B9A9EFD-5B43-434F-8FD5-AD040CD5201B}.Debug|iPhoneSimulator.ActiveCfg = Debug|iPhoneSimulator
		{8B9A9EFD-5B43-434F-8FD5-AD040CD5201B}.Debug|iPhoneSimulator.Build.0 = Debug|iPhoneSimulator
		{8B9A9EFD-5B43-434F-8FD5-AD040CD5201B}.Release|Any CPU.ActiveCfg = Release|iPhone
		{8B9A9EFD-5B43-434F-8FD5-AD040CD5201B}.Release|iPhone.ActiveCfg = Release|iPhone
		{8B9A9EFD-5B43-434F-8FD5-AD040CD5201B}.Release|iPhone.Build.0 = Release|iPhone
		{8B9A9EFD-5B43-434F-8FD5-AD040CD5201B}.Release|iPhoneSimulator.ActiveCfg = Release|iPhoneSimulator
		{8B9A9EFD-5B43-434F-8FD5-AD040CD5201B}.Release|iPhoneSimulator.Build.0 = Release|iPhoneSimulator
		{C4ADABA2-C8DF-470A-9616-31780A649462}.Debug|Any CPU.ActiveCfg = Debug|Any CPU
		{C4ADABA2-C8DF-470A-9616-31780A649462}.Debug|Any CPU.Build.0 = Debug|Any CPU
		{C4ADABA2-C8DF-470A-9616-31780A649462}.Debug|iPhone.ActiveCfg = Debug|Any CPU
		{C4ADABA2-C8DF-470A-9616-31780A649462}.Debug|iPhone.Build.0 = Debug|Any CPU
		{C4ADABA2-C8DF-470A-9616-31780A649462}.Debug|iPhoneSimulator.ActiveCfg = Debug|Any CPU
		{C4ADABA2-C8DF-470A-9616-31780A649462}.Debug|iPhoneSimulator.Build.0 = Debug|Any CPU
		{C4ADABA2-C8DF-470A-9616-31780A649462}.Release|Any CPU.ActiveCfg = Release|Any CPU
		{C4ADABA2-C8DF-470A-9616-31780A649462}.Release|Any CPU.Build.0 = Release|Any CPU
		{C4ADABA2-C8DF-470A-9616-31780A649462}.Release|iPhone.ActiveCfg = Release|Any CPU
		{C4ADABA2-C8DF-470A-9616-31780A649462}.Release|iPhone.Build.0 = Release|Any CPU
		{C4ADABA2-C8DF-470A-9616-31780A649462}.Release|iPhoneSimulator.ActiveCfg = Release|Any CPU
		{C4ADABA2-C8DF-470A-9616-31780A649462}.Release|iPhoneSimulator.Build.0 = Release|Any CPU
		{CFBC7191-CBAB-4544-AA32-E5DABDE81B14}.Debug|Any CPU.ActiveCfg = Debug|Any CPU
		{CFBC7191-CBAB-4544-AA32-E5DABDE81B14}.Debug|Any CPU.Build.0 = Debug|Any CPU
		{CFBC7191-CBAB-4544-AA32-E5DABDE81B14}.Debug|Any CPU.Deploy.0 = Debug|Any CPU
		{CFBC7191-CBAB-4544-AA32-E5DABDE81B14}.Debug|iPhone.ActiveCfg = Debug|Any CPU
		{CFBC7191-CBAB-4544-AA32-E5DABDE81B14}.Debug|iPhoneSimulator.ActiveCfg = Debug|Any CPU
		{CFBC7191-CBAB-4544-AA32-E5DABDE81B14}.Release|Any CPU.ActiveCfg = Release|Any CPU
		{CFBC7191-CBAB-4544-AA32-E5DABDE81B14}.Release|Any CPU.Build.0 = Release|Any CPU
		{CFBC7191-CBAB-4544-AA32-E5DABDE81B14}.Release|iPhone.ActiveCfg = Release|Any CPU
		{CFBC7191-CBAB-4544-AA32-E5DABDE81B14}.Release|iPhoneSimulator.ActiveCfg = Release|Any CPU
		{5A3530AB-4053-4CF3-BEDE-A3E04C45D255}.Debug|Any CPU.ActiveCfg = Debug|Any CPU
		{5A3530AB-4053-4CF3-BEDE-A3E04C45D255}.Debug|Any CPU.Build.0 = Debug|Any CPU
		{5A3530AB-4053-4CF3-BEDE-A3E04C45D255}.Debug|iPhone.ActiveCfg = Debug|Any CPU
		{5A3530AB-4053-4CF3-BEDE-A3E04C45D255}.Debug|iPhone.Build.0 = Debug|Any CPU
		{5A3530AB-4053-4CF3-BEDE-A3E04C45D255}.Debug|iPhoneSimulator.ActiveCfg = Debug|Any CPU
		{5A3530AB-4053-4CF3-BEDE-A3E04C45D255}.Debug|iPhoneSimulator.Build.0 = Debug|Any CPU
		{5A3530AB-4053-4CF3-BEDE-A3E04C45D255}.Release|Any CPU.ActiveCfg = Release|Any CPU
		{5A3530AB-4053-4CF3-BEDE-A3E04C45D255}.Release|Any CPU.Build.0 = Release|Any CPU
		{5A3530AB-4053-4CF3-BEDE-A3E04C45D255}.Release|iPhone.ActiveCfg = Release|Any CPU
		{5A3530AB-4053-4CF3-BEDE-A3E04C45D255}.Release|iPhone.Build.0 = Release|Any CPU
		{5A3530AB-4053-4CF3-BEDE-A3E04C45D255}.Release|iPhoneSimulator.ActiveCfg = Release|Any CPU
		{5A3530AB-4053-4CF3-BEDE-A3E04C45D255}.Release|iPhoneSimulator.Build.0 = Release|Any CPU
		{1D18D929-1B53-4AF9-9499-14ABB26D257F}.Debug|Any CPU.ActiveCfg = Debug|Any CPU
		{1D18D929-1B53-4AF9-9499-14ABB26D257F}.Debug|Any CPU.Build.0 = Debug|Any CPU
		{1D18D929-1B53-4AF9-9499-14ABB26D257F}.Debug|iPhone.ActiveCfg = Debug|Any CPU
		{1D18D929-1B53-4AF9-9499-14ABB26D257F}.Debug|iPhone.Build.0 = Debug|Any CPU
		{1D18D929-1B53-4AF9-9499-14ABB26D257F}.Debug|iPhoneSimulator.ActiveCfg = Debug|Any CPU
		{1D18D929-1B53-4AF9-9499-14ABB26D257F}.Debug|iPhoneSimulator.Build.0 = Debug|Any CPU
		{1D18D929-1B53-4AF9-9499-14ABB26D257F}.Release|Any CPU.ActiveCfg = Release|Any CPU
		{1D18D929-1B53-4AF9-9499-14ABB26D257F}.Release|Any CPU.Build.0 = Release|Any CPU
		{1D18D929-1B53-4AF9-9499-14ABB26D257F}.Release|iPhone.ActiveCfg = Release|Any CPU
		{1D18D929-1B53-4AF9-9499-14ABB26D257F}.Release|iPhone.Build.0 = Release|Any CPU
		{1D18D929-1B53-4AF9-9499-14ABB26D257F}.Release|iPhoneSimulator.ActiveCfg = Release|Any CPU
		{1D18D929-1B53-4AF9-9499-14ABB26D257F}.Release|iPhoneSimulator.Build.0 = Release|Any CPU
		{1C2073B0-B1E6-4D3B-9D10-B0F278C671E4}.Debug|Any CPU.ActiveCfg = Debug|Any CPU
		{1C2073B0-B1E6-4D3B-9D10-B0F278C671E4}.Debug|Any CPU.Build.0 = Debug|Any CPU
		{1C2073B0-B1E6-4D3B-9D10-B0F278C671E4}.Debug|iPhone.ActiveCfg = Debug|Any CPU
		{1C2073B0-B1E6-4D3B-9D10-B0F278C671E4}.Debug|iPhone.Build.0 = Debug|Any CPU
		{1C2073B0-B1E6-4D3B-9D10-B0F278C671E4}.Debug|iPhoneSimulator.ActiveCfg = Debug|Any CPU
		{1C2073B0-B1E6-4D3B-9D10-B0F278C671E4}.Debug|iPhoneSimulator.Build.0 = Debug|Any CPU
		{1C2073B0-B1E6-4D3B-9D10-B0F278C671E4}.Release|Any CPU.ActiveCfg = Release|Any CPU
		{1C2073B0-B1E6-4D3B-9D10-B0F278C671E4}.Release|Any CPU.Build.0 = Release|Any CPU
		{1C2073B0-B1E6-4D3B-9D10-B0F278C671E4}.Release|iPhone.ActiveCfg = Release|Any CPU
		{1C2073B0-B1E6-4D3B-9D10-B0F278C671E4}.Release|iPhone.Build.0 = Release|Any CPU
		{1C2073B0-B1E6-4D3B-9D10-B0F278C671E4}.Release|iPhoneSimulator.ActiveCfg = Release|Any CPU
		{1C2073B0-B1E6-4D3B-9D10-B0F278C671E4}.Release|iPhoneSimulator.Build.0 = Release|Any CPU
		{D480A440-318D-4CD2-A662-17D6179B14DE}.Debug|Any CPU.ActiveCfg = Debug|Any CPU
		{D480A440-318D-4CD2-A662-17D6179B14DE}.Debug|Any CPU.Build.0 = Debug|Any CPU
		{D480A440-318D-4CD2-A662-17D6179B14DE}.Debug|iPhone.ActiveCfg = Debug|Any CPU
		{D480A440-318D-4CD2-A662-17D6179B14DE}.Debug|iPhone.Build.0 = Debug|Any CPU
		{D480A440-318D-4CD2-A662-17D6179B14DE}.Debug|iPhoneSimulator.ActiveCfg = Debug|Any CPU
		{D480A440-318D-4CD2-A662-17D6179B14DE}.Debug|iPhoneSimulator.Build.0 = Debug|Any CPU
		{D480A440-318D-4CD2-A662-17D6179B14DE}.Release|Any CPU.ActiveCfg = Release|Any CPU
		{D480A440-318D-4CD2-A662-17D6179B14DE}.Release|Any CPU.Build.0 = Release|Any CPU
		{D480A440-318D-4CD2-A662-17D6179B14DE}.Release|iPhone.ActiveCfg = Release|Any CPU
		{D480A440-318D-4CD2-A662-17D6179B14DE}.Release|iPhone.Build.0 = Release|Any CPU
		{D480A440-318D-4CD2-A662-17D6179B14DE}.Release|iPhoneSimulator.ActiveCfg = Release|Any CPU
		{D480A440-318D-4CD2-A662-17D6179B14DE}.Release|iPhoneSimulator.Build.0 = Release|Any CPU
		{2C4B0766-DF89-4466-B841-0BA58FD9D19B}.Debug|Any CPU.ActiveCfg = Debug|Any CPU
		{2C4B0766-DF89-4466-B841-0BA58FD9D19B}.Debug|Any CPU.Build.0 = Debug|Any CPU
		{2C4B0766-DF89-4466-B841-0BA58FD9D19B}.Debug|iPhone.ActiveCfg = Debug|Any CPU
		{2C4B0766-DF89-4466-B841-0BA58FD9D19B}.Debug|iPhone.Build.0 = Debug|Any CPU
		{2C4B0766-DF89-4466-B841-0BA58FD9D19B}.Debug|iPhoneSimulator.ActiveCfg = Debug|Any CPU
		{2C4B0766-DF89-4466-B841-0BA58FD9D19B}.Debug|iPhoneSimulator.Build.0 = Debug|Any CPU
		{2C4B0766-DF89-4466-B841-0BA58FD9D19B}.Release|Any CPU.ActiveCfg = Release|Any CPU
		{2C4B0766-DF89-4466-B841-0BA58FD9D19B}.Release|Any CPU.Build.0 = Release|Any CPU
		{2C4B0766-DF89-4466-B841-0BA58FD9D19B}.Release|iPhone.ActiveCfg = Release|Any CPU
		{2C4B0766-DF89-4466-B841-0BA58FD9D19B}.Release|iPhone.Build.0 = Release|Any CPU
		{2C4B0766-DF89-4466-B841-0BA58FD9D19B}.Release|iPhoneSimulator.ActiveCfg = Release|Any CPU
		{2C4B0766-DF89-4466-B841-0BA58FD9D19B}.Release|iPhoneSimulator.Build.0 = Release|Any CPU
		{ED10B823-AA77-4142-919F-6A42C4D087A9}.Debug|Any CPU.ActiveCfg = Debug|Any CPU
		{ED10B823-AA77-4142-919F-6A42C4D087A9}.Debug|Any CPU.Build.0 = Debug|Any CPU
		{ED10B823-AA77-4142-919F-6A42C4D087A9}.Debug|iPhone.ActiveCfg = Debug|Any CPU
		{ED10B823-AA77-4142-919F-6A42C4D087A9}.Debug|iPhone.Build.0 = Debug|Any CPU
		{ED10B823-AA77-4142-919F-6A42C4D087A9}.Debug|iPhoneSimulator.ActiveCfg = Debug|Any CPU
		{ED10B823-AA77-4142-919F-6A42C4D087A9}.Debug|iPhoneSimulator.Build.0 = Debug|Any CPU
		{ED10B823-AA77-4142-919F-6A42C4D087A9}.Release|Any CPU.ActiveCfg = Release|Any CPU
		{ED10B823-AA77-4142-919F-6A42C4D087A9}.Release|Any CPU.Build.0 = Release|Any CPU
		{ED10B823-AA77-4142-919F-6A42C4D087A9}.Release|iPhone.ActiveCfg = Release|Any CPU
		{ED10B823-AA77-4142-919F-6A42C4D087A9}.Release|iPhone.Build.0 = Release|Any CPU
		{ED10B823-AA77-4142-919F-6A42C4D087A9}.Release|iPhoneSimulator.ActiveCfg = Release|Any CPU
		{ED10B823-AA77-4142-919F-6A42C4D087A9}.Release|iPhoneSimulator.Build.0 = Release|Any CPU
		{0B984675-688B-41C6-BEB7-D104DE9158C3}.Debug|Any CPU.ActiveCfg = Debug|Any CPU
		{0B984675-688B-41C6-BEB7-D104DE9158C3}.Debug|Any CPU.Build.0 = Debug|Any CPU
		{0B984675-688B-41C6-BEB7-D104DE9158C3}.Debug|iPhone.ActiveCfg = Debug|Any CPU
		{0B984675-688B-41C6-BEB7-D104DE9158C3}.Debug|iPhone.Build.0 = Debug|Any CPU
		{0B984675-688B-41C6-BEB7-D104DE9158C3}.Debug|iPhoneSimulator.ActiveCfg = Debug|Any CPU
		{0B984675-688B-41C6-BEB7-D104DE9158C3}.Debug|iPhoneSimulator.Build.0 = Debug|Any CPU
		{0B984675-688B-41C6-BEB7-D104DE9158C3}.Release|Any CPU.ActiveCfg = Release|Any CPU
		{0B984675-688B-41C6-BEB7-D104DE9158C3}.Release|Any CPU.Build.0 = Release|Any CPU
		{0B984675-688B-41C6-BEB7-D104DE9158C3}.Release|iPhone.ActiveCfg = Release|Any CPU
		{0B984675-688B-41C6-BEB7-D104DE9158C3}.Release|iPhone.Build.0 = Release|Any CPU
		{0B984675-688B-41C6-BEB7-D104DE9158C3}.Release|iPhoneSimulator.ActiveCfg = Release|Any CPU
		{0B984675-688B-41C6-BEB7-D104DE9158C3}.Release|iPhoneSimulator.Build.0 = Release|Any CPU
	EndGlobalSection
	GlobalSection(NestedProjects) = preSolution
		{654F8BEC-D2D2-4213-AAF0-BFA637A12FC1} = {B1D60F6A-6894-4728-9583-C9B73D6767C4}
		{C4ADABA2-C8DF-470A-9616-31780A649462} = {B1D60F6A-6894-4728-9583-C9B73D6767C4}
		{5A3530AB-4053-4CF3-BEDE-A3E04C45D255} = {63D70FBD-5C5B-44DF-B043-28A6AFF32573}
		{1D18D929-1B53-4AF9-9499-14ABB26D257F} = {63D70FBD-5C5B-44DF-B043-28A6AFF32573}
		{1C2073B0-B1E6-4D3B-9D10-B0F278C671E4} = {63D70FBD-5C5B-44DF-B043-28A6AFF32573}
		{D480A440-318D-4CD2-A662-17D6179B14DE} = {63D70FBD-5C5B-44DF-B043-28A6AFF32573}
		{2C4B0766-DF89-4466-B841-0BA58FD9D19B} = {63D70FBD-5C5B-44DF-B043-28A6AFF32573}
		{ED10B823-AA77-4142-919F-6A42C4D087A9} = {63D70FBD-5C5B-44DF-B043-28A6AFF32573}
		{0B984675-688B-41C6-BEB7-D104DE9158C3} = {63D70FBD-5C5B-44DF-B043-28A6AFF32573}
	EndGlobalSection
	GlobalSection(SolutionProperties) = preSolution
		HideSolutionNode = FALSE
	EndGlobalSection
EndGlobal
