
Microsoft Visual Studio Solution File, Format Version 12.00
# Visual Studio 14
VisualStudioVersion = 14.0.25420.1
MinimumVisualStudioVersion = 10.0.40219.1
Project("{FAE04EC0-301F-11D3-BF4B-00C04F79EFBC}") = "Acquaint.XForms", "Acquaint.XForms\Acquaint.XForms\Acquaint.XForms.csproj", "{55CEDCD6-E2D6-48EB-B9C6-A0E74016DCE0}"
EndProject
Project("{FAE04EC0-301F-11D3-BF4B-00C04F79EFBC}") = "Acquaint.XForms.iOS", "Acquaint.XForms\Acquaint.XForms.iOS\Acquaint.XForms.iOS.csproj", "{38CAF316-C475-4099-9723-A4002F76FCD2}"
EndProject
Project("{FAE04EC0-301F-11D3-BF4B-00C04F79EFBC}") = "Acquaint.XForms.Droid", "Acquaint.XForms\Acquaint.XForms.Droid\Acquaint.XForms.Droid.csproj", "{186E2C95-63F1-44B9-AE99-0F436E3DADFE}"
EndProject
Project("{2150E333-8FDC-42A3-9474-1A3956D46DE8}") = "Common", "Common", "{C452A2D9-C10D-487C-8004-22C90652D0F3}"
EndProject
Project("{FAE04EC0-301F-11D3-BF4B-00C04F79EFBC}") = "Acquaint.XForms.UWP", "Acquaint.XForms\Acquaint.XForms.UWP\Acquaint.XForms.UWP.csproj", "{40F00149-A18D-4440-95C3-BC3B60EB911C}"
EndProject
Project("{2150E333-8FDC-42A3-9474-1A3956D46DE8}") = "Tests", "Tests", "{D10504C4-934B-473D-BFF8-D69BDC60E72B}"
EndProject
Project("{FAE04EC0-301F-11D3-BF4B-00C04F79EFBC}") = "Acquaint.XForms.UITest.iOS", "Acquaint.XForms\Acquaint.XForms.UITest\Acquaint.XForms.UITest.iOS\Acquaint.XForms.UITest.iOS.csproj", "{0FC3A639-20AD-41B5-BFCB-1619B5EDB8ED}"
EndProject
Project("{FAE04EC0-301F-11D3-BF4B-00C04F79EFBC}") = "Acquaint.XForms.UITest.Android", "Acquaint.XForms\Acquaint.XForms.UITest\Acquaint.XForms.UITest.Android\Acquaint.XForms.UITest.Android.csproj", "{0EBC708A-424D-484F-8B03-4D677995E2F5}"
EndProject
Project("{FAE04EC0-301F-11D3-BF4B-00C04F79EFBC}") = "Acquaint.Data", "Common\Acquaint.Data\Acquaint.Data.csproj", "{5A3530AB-4053-4CF3-BEDE-A3E04C45D255}"
EndProject
Project("{FAE04EC0-301F-11D3-BF4B-00C04F79EFBC}") = "Acquaint.Util", "Common\Acquaint.Util\Acquaint.Util.csproj", "{1D18D929-1B53-4AF9-9499-14ABB26D257F}"
EndProject
Project("{FAE04EC0-301F-11D3-BF4B-00C04F79EFBC}") = "Acquaint.Common.Droid", "Common\Acquaint.Common.Droid\Acquaint.Common.Droid.csproj", "{1C2073B0-B1E6-4D3B-9D10-B0F278C671E4}"
EndProject
Project("{FAE04EC0-301F-11D3-BF4B-00C04F79EFBC}") = "Acquaint.Common.iOS", "Common\Acquaint.Common.iOS\Acquaint.Common.iOS.csproj", "{D480A440-318D-4CD2-A662-17D6179B14DE}"
EndProject
Project("{FAE04EC0-301F-11D3-BF4B-00C04F79EFBC}") = "Acquaint.Models", "Common\Acquaint.Models\Acquaint.Models.csproj", "{2C4B0766-DF89-4466-B841-0BA58FD9D19B}"
EndProject
Project("{FAE04EC0-301F-11D3-BF4B-00C04F79EFBC}") = "Acquaint.Abstractions", "Common\Acquaint.Abstractions\Acquaint.Abstractions.csproj", "{0B984675-688B-41C6-BEB7-D104DE9158C3}"
EndProject
Project("{FAE04EC0-301F-11D3-BF4B-00C04F79EFBC}") = "Acquaint.ModelContracts", "..\Common\Acquaint.ModelContracts\Acquaint.ModelContracts.csproj", "{ED10B823-AA77-4142-919F-6A42C4D087A9}"
EndProject
Global
	GlobalSection(SolutionConfigurationPlatforms) = preSolution
		Debug|Any CPU = Debug|Any CPU
		Debug|ARM = Debug|ARM
		Debug|iPhone = Debug|iPhone
		Debug|iPhoneSimulator = Debug|iPhoneSimulator
		Debug|x64 = Debug|x64
		Debug|x86 = Debug|x86
		Release|Any CPU = Release|Any CPU
		Release|ARM = Release|ARM
		Release|iPhone = Release|iPhone
		Release|iPhoneSimulator = Release|iPhoneSimulator
		Release|x64 = Release|x64
		Release|x86 = Release|x86
	EndGlobalSection
	GlobalSection(ProjectConfigurationPlatforms) = postSolution
		{55CEDCD6-E2D6-48EB-B9C6-A0E74016DCE0}.Debug|Any CPU.ActiveCfg = Debug|Any CPU
		{55CEDCD6-E2D6-48EB-B9C6-A0E74016DCE0}.Debug|Any CPU.Build.0 = Debug|Any CPU
		{55CEDCD6-E2D6-48EB-B9C6-A0E74016DCE0}.Debug|ARM.ActiveCfg = Debug|Any CPU
		{55CEDCD6-E2D6-48EB-B9C6-A0E74016DCE0}.Debug|ARM.Build.0 = Debug|Any CPU
		{55CEDCD6-E2D6-48EB-B9C6-A0E74016DCE0}.Debug|iPhone.ActiveCfg = Debug|Any CPU
		{55CEDCD6-E2D6-48EB-B9C6-A0E74016DCE0}.Debug|iPhone.Build.0 = Debug|Any CPU
		{55CEDCD6-E2D6-48EB-B9C6-A0E74016DCE0}.Debug|iPhoneSimulator.ActiveCfg = Debug|Any CPU
		{55CEDCD6-E2D6-48EB-B9C6-A0E74016DCE0}.Debug|iPhoneSimulator.Build.0 = Debug|Any CPU
		{55CEDCD6-E2D6-48EB-B9C6-A0E74016DCE0}.Debug|x64.ActiveCfg = Debug|Any CPU
		{55CEDCD6-E2D6-48EB-B9C6-A0E74016DCE0}.Debug|x64.Build.0 = Debug|Any CPU
		{55CEDCD6-E2D6-48EB-B9C6-A0E74016DCE0}.Debug|x86.ActiveCfg = Debug|Any CPU
		{55CEDCD6-E2D6-48EB-B9C6-A0E74016DCE0}.Debug|x86.Build.0 = Debug|Any CPU
		{55CEDCD6-E2D6-48EB-B9C6-A0E74016DCE0}.Release|Any CPU.ActiveCfg = Release|Any CPU
		{55CEDCD6-E2D6-48EB-B9C6-A0E74016DCE0}.Release|Any CPU.Build.0 = Release|Any CPU
		{55CEDCD6-E2D6-48EB-B9C6-A0E74016DCE0}.Release|ARM.ActiveCfg = Release|Any CPU
		{55CEDCD6-E2D6-48EB-B9C6-A0E74016DCE0}.Release|ARM.Build.0 = Release|Any CPU
		{55CEDCD6-E2D6-48EB-B9C6-A0E74016DCE0}.Release|iPhone.ActiveCfg = Release|Any CPU
		{55CEDCD6-E2D6-48EB-B9C6-A0E74016DCE0}.Release|iPhone.Build.0 = Release|Any CPU
		{55CEDCD6-E2D6-48EB-B9C6-A0E74016DCE0}.Release|iPhoneSimulator.ActiveCfg = Release|Any CPU
		{55CEDCD6-E2D6-48EB-B9C6-A0E74016DCE0}.Release|iPhoneSimulator.Build.0 = Release|Any CPU
		{55CEDCD6-E2D6-48EB-B9C6-A0E74016DCE0}.Release|x64.ActiveCfg = Release|Any CPU
		{55CEDCD6-E2D6-48EB-B9C6-A0E74016DCE0}.Release|x64.Build.0 = Release|Any CPU
		{55CEDCD6-E2D6-48EB-B9C6-A0E74016DCE0}.Release|x86.ActiveCfg = Release|Any CPU
		{55CEDCD6-E2D6-48EB-B9C6-A0E74016DCE0}.Release|x86.Build.0 = Release|Any CPU
		{38CAF316-C475-4099-9723-A4002F76FCD2}.Debug|Any CPU.ActiveCfg = Debug|iPhoneSimulator
		{38CAF316-C475-4099-9723-A4002F76FCD2}.Debug|ARM.ActiveCfg = Debug|iPhone
		{38CAF316-C475-4099-9723-A4002F76FCD2}.Debug|iPhone.ActiveCfg = Debug|iPhone
		{38CAF316-C475-4099-9723-A4002F76FCD2}.Debug|iPhone.Build.0 = Debug|iPhone
		{38CAF316-C475-4099-9723-A4002F76FCD2}.Debug|iPhoneSimulator.ActiveCfg = Debug|iPhoneSimulator
		{38CAF316-C475-4099-9723-A4002F76FCD2}.Debug|iPhoneSimulator.Build.0 = Debug|iPhoneSimulator
		{38CAF316-C475-4099-9723-A4002F76FCD2}.Debug|x64.ActiveCfg = Debug|iPhone
		{38CAF316-C475-4099-9723-A4002F76FCD2}.Debug|x86.ActiveCfg = Debug|iPhoneSimulator
		{38CAF316-C475-4099-9723-A4002F76FCD2}.Release|Any CPU.ActiveCfg = Release|iPhone
		{38CAF316-C475-4099-9723-A4002F76FCD2}.Release|ARM.ActiveCfg = Release|iPhoneSimulator
		{38CAF316-C475-4099-9723-A4002F76FCD2}.Release|iPhone.ActiveCfg = Release|iPhone
		{38CAF316-C475-4099-9723-A4002F76FCD2}.Release|iPhone.Build.0 = Release|iPhone
		{38CAF316-C475-4099-9723-A4002F76FCD2}.Release|iPhoneSimulator.ActiveCfg = Release|iPhoneSimulator
		{38CAF316-C475-4099-9723-A4002F76FCD2}.Release|iPhoneSimulator.Build.0 = Release|iPhoneSimulator
		{38CAF316-C475-4099-9723-A4002F76FCD2}.Release|x64.ActiveCfg = Release|iPhoneSimulator
		{38CAF316-C475-4099-9723-A4002F76FCD2}.Release|x86.ActiveCfg = Release|iPhone
		{186E2C95-63F1-44B9-AE99-0F436E3DADFE}.Debug|Any CPU.ActiveCfg = Debug|Any CPU
		{186E2C95-63F1-44B9-AE99-0F436E3DADFE}.Debug|Any CPU.Build.0 = Debug|Any CPU
		{186E2C95-63F1-44B9-AE99-0F436E3DADFE}.Debug|Any CPU.Deploy.0 = Debug|Any CPU
		{186E2C95-63F1-44B9-AE99-0F436E3DADFE}.Debug|ARM.ActiveCfg = Debug|Any CPU
		{186E2C95-63F1-44B9-AE99-0F436E3DADFE}.Debug|ARM.Build.0 = Debug|Any CPU
		{186E2C95-63F1-44B9-AE99-0F436E3DADFE}.Debug|ARM.Deploy.0 = Debug|Any CPU
		{186E2C95-63F1-44B9-AE99-0F436E3DADFE}.Debug|iPhone.ActiveCfg = Debug|Any CPU
		{186E2C95-63F1-44B9-AE99-0F436E3DADFE}.Debug|iPhoneSimulator.ActiveCfg = Debug|Any CPU
		{186E2C95-63F1-44B9-AE99-0F436E3DADFE}.Debug|x64.ActiveCfg = Debug|Any CPU
		{186E2C95-63F1-44B9-AE99-0F436E3DADFE}.Debug|x64.Build.0 = Debug|Any CPU
		{186E2C95-63F1-44B9-AE99-0F436E3DADFE}.Debug|x64.Deploy.0 = Debug|Any CPU
		{186E2C95-63F1-44B9-AE99-0F436E3DADFE}.Debug|x86.ActiveCfg = Debug|Any CPU
		{186E2C95-63F1-44B9-AE99-0F436E3DADFE}.Debug|x86.Build.0 = Debug|Any CPU
		{186E2C95-63F1-44B9-AE99-0F436E3DADFE}.Debug|x86.Deploy.0 = Debug|Any CPU
		{186E2C95-63F1-44B9-AE99-0F436E3DADFE}.Release|Any CPU.ActiveCfg = Release|Any CPU
		{186E2C95-63F1-44B9-AE99-0F436E3DADFE}.Release|Any CPU.Build.0 = Release|Any CPU
		{186E2C95-63F1-44B9-AE99-0F436E3DADFE}.Release|Any CPU.Deploy.0 = Release|Any CPU
		{186E2C95-63F1-44B9-AE99-0F436E3DADFE}.Release|ARM.ActiveCfg = Release|Any CPU
		{186E2C95-63F1-44B9-AE99-0F436E3DADFE}.Release|ARM.Build.0 = Release|Any CPU
		{186E2C95-63F1-44B9-AE99-0F436E3DADFE}.Release|ARM.Deploy.0 = Release|Any CPU
		{186E2C95-63F1-44B9-AE99-0F436E3DADFE}.Release|iPhone.ActiveCfg = Release|Any CPU
		{186E2C95-63F1-44B9-AE99-0F436E3DADFE}.Release|iPhoneSimulator.ActiveCfg = Release|Any CPU
		{186E2C95-63F1-44B9-AE99-0F436E3DADFE}.Release|x64.ActiveCfg = Release|Any CPU
		{186E2C95-63F1-44B9-AE99-0F436E3DADFE}.Release|x64.Build.0 = Release|Any CPU
		{186E2C95-63F1-44B9-AE99-0F436E3DADFE}.Release|x64.Deploy.0 = Release|Any CPU
		{186E2C95-63F1-44B9-AE99-0F436E3DADFE}.Release|x86.ActiveCfg = Release|Any CPU
		{186E2C95-63F1-44B9-AE99-0F436E3DADFE}.Release|x86.Build.0 = Release|Any CPU
		{40F00149-A18D-4440-95C3-BC3B60EB911C}.Debug|Any CPU.ActiveCfg = Debug|x86
		{40F00149-A18D-4440-95C3-BC3B60EB911C}.Debug|Any CPU.Build.0 = Debug|x86
		{40F00149-A18D-4440-95C3-BC3B60EB911C}.Debug|Any CPU.Deploy.0 = Debug|x86
		{40F00149-A18D-4440-95C3-BC3B60EB911C}.Debug|ARM.ActiveCfg = Debug|ARM
		{40F00149-A18D-4440-95C3-BC3B60EB911C}.Debug|ARM.Build.0 = Debug|ARM
		{40F00149-A18D-4440-95C3-BC3B60EB911C}.Debug|ARM.Deploy.0 = Debug|ARM
		{40F00149-A18D-4440-95C3-BC3B60EB911C}.Debug|iPhone.ActiveCfg = Debug|x86
		{40F00149-A18D-4440-95C3-BC3B60EB911C}.Debug|iPhoneSimulator.ActiveCfg = Debug|x86
		{40F00149-A18D-4440-95C3-BC3B60EB911C}.Debug|x64.ActiveCfg = Debug|x64
		{40F00149-A18D-4440-95C3-BC3B60EB911C}.Debug|x64.Build.0 = Debug|x64
		{40F00149-A18D-4440-95C3-BC3B60EB911C}.Debug|x64.Deploy.0 = Debug|x64
		{40F00149-A18D-4440-95C3-BC3B60EB911C}.Debug|x86.ActiveCfg = Debug|x86
		{40F00149-A18D-4440-95C3-BC3B60EB911C}.Debug|x86.Build.0 = Debug|x86
		{40F00149-A18D-4440-95C3-BC3B60EB911C}.Debug|x86.Deploy.0 = Debug|x86
		{40F00149-A18D-4440-95C3-BC3B60EB911C}.Release|Any CPU.ActiveCfg = Release|x86
		{40F00149-A18D-4440-95C3-BC3B60EB911C}.Release|ARM.ActiveCfg = Release|ARM
		{40F00149-A18D-4440-95C3-BC3B60EB911C}.Release|ARM.Build.0 = Release|ARM
		{40F00149-A18D-4440-95C3-BC3B60EB911C}.Release|ARM.Deploy.0 = Release|ARM
		{40F00149-A18D-4440-95C3-BC3B60EB911C}.Release|iPhone.ActiveCfg = Release|x86
		{40F00149-A18D-4440-95C3-BC3B60EB911C}.Release|iPhoneSimulator.ActiveCfg = Release|x86
		{40F00149-A18D-4440-95C3-BC3B60EB911C}.Release|x64.ActiveCfg = Release|x64
		{40F00149-A18D-4440-95C3-BC3B60EB911C}.Release|x64.Build.0 = Release|x64
		{40F00149-A18D-4440-95C3-BC3B60EB911C}.Release|x64.Deploy.0 = Release|x64
		{40F00149-A18D-4440-95C3-BC3B60EB911C}.Release|x86.ActiveCfg = Release|x86
		{40F00149-A18D-4440-95C3-BC3B60EB911C}.Release|x86.Build.0 = Release|x86
		{40F00149-A18D-4440-95C3-BC3B60EB911C}.Release|x86.Deploy.0 = Release|x86
		{0FC3A639-20AD-41B5-BFCB-1619B5EDB8ED}.Debug|Any CPU.ActiveCfg = Debug|Any CPU
		{0FC3A639-20AD-41B5-BFCB-1619B5EDB8ED}.Debug|ARM.ActiveCfg = Debug|Any CPU
		{0FC3A639-20AD-41B5-BFCB-1619B5EDB8ED}.Debug|iPhone.ActiveCfg = Debug|Any CPU
		{0FC3A639-20AD-41B5-BFCB-1619B5EDB8ED}.Debug|iPhone.Build.0 = Debug|Any CPU
		{0FC3A639-20AD-41B5-BFCB-1619B5EDB8ED}.Debug|iPhoneSimulator.ActiveCfg = Debug|Any CPU
		{0FC3A639-20AD-41B5-BFCB-1619B5EDB8ED}.Debug|iPhoneSimulator.Build.0 = Debug|Any CPU
		{0FC3A639-20AD-41B5-BFCB-1619B5EDB8ED}.Debug|x64.ActiveCfg = Debug|Any CPU
		{0FC3A639-20AD-41B5-BFCB-1619B5EDB8ED}.Debug|x86.ActiveCfg = Debug|Any CPU
		{0FC3A639-20AD-41B5-BFCB-1619B5EDB8ED}.Release|Any CPU.ActiveCfg = Release|Any CPU
		{0FC3A639-20AD-41B5-BFCB-1619B5EDB8ED}.Release|Any CPU.Build.0 = Release|Any CPU
		{0FC3A639-20AD-41B5-BFCB-1619B5EDB8ED}.Release|ARM.ActiveCfg = Release|Any CPU
		{0FC3A639-20AD-41B5-BFCB-1619B5EDB8ED}.Release|ARM.Build.0 = Release|Any CPU
		{0FC3A639-20AD-41B5-BFCB-1619B5EDB8ED}.Release|iPhone.ActiveCfg = Release|Any CPU
		{0FC3A639-20AD-41B5-BFCB-1619B5EDB8ED}.Release|iPhone.Build.0 = Release|Any CPU
		{0FC3A639-20AD-41B5-BFCB-1619B5EDB8ED}.Release|iPhoneSimulator.ActiveCfg = Release|Any CPU
		{0FC3A639-20AD-41B5-BFCB-1619B5EDB8ED}.Release|iPhoneSimulator.Build.0 = Release|Any CPU
		{0FC3A639-20AD-41B5-BFCB-1619B5EDB8ED}.Release|x64.ActiveCfg = Release|Any CPU
		{0FC3A639-20AD-41B5-BFCB-1619B5EDB8ED}.Release|x64.Build.0 = Release|Any CPU
		{0FC3A639-20AD-41B5-BFCB-1619B5EDB8ED}.Release|x86.ActiveCfg = Release|Any CPU
		{0FC3A639-20AD-41B5-BFCB-1619B5EDB8ED}.Release|x86.Build.0 = Release|Any CPU
		{0EBC708A-424D-484F-8B03-4D677995E2F5}.Debug|Any CPU.ActiveCfg = Debug|Any CPU
		{0EBC708A-424D-484F-8B03-4D677995E2F5}.Debug|Any CPU.Build.0 = Debug|Any CPU
		{0EBC708A-424D-484F-8B03-4D677995E2F5}.Debug|ARM.ActiveCfg = Debug|Any CPU
		{0EBC708A-424D-484F-8B03-4D677995E2F5}.Debug|ARM.Build.0 = Debug|Any CPU
		{0EBC708A-424D-484F-8B03-4D677995E2F5}.Debug|iPhone.ActiveCfg = Debug|Any CPU
		{0EBC708A-424D-484F-8B03-4D677995E2F5}.Debug|iPhoneSimulator.ActiveCfg = Debug|Any CPU
		{0EBC708A-424D-484F-8B03-4D677995E2F5}.Debug|x64.ActiveCfg = Debug|Any CPU
		{0EBC708A-424D-484F-8B03-4D677995E2F5}.Debug|x64.Build.0 = Debug|Any CPU
		{0EBC708A-424D-484F-8B03-4D677995E2F5}.Debug|x86.ActiveCfg = Debug|Any CPU
		{0EBC708A-424D-484F-8B03-4D677995E2F5}.Debug|x86.Build.0 = Debug|Any CPU
		{0EBC708A-424D-484F-8B03-4D677995E2F5}.Release|Any CPU.ActiveCfg = Release|Any CPU
		{0EBC708A-424D-484F-8B03-4D677995E2F5}.Release|Any CPU.Build.0 = Release|Any CPU
		{0EBC708A-424D-484F-8B03-4D677995E2F5}.Release|ARM.ActiveCfg = Release|Any CPU
		{0EBC708A-424D-484F-8B03-4D677995E2F5}.Release|ARM.Build.0 = Release|Any CPU
		{0EBC708A-424D-484F-8B03-4D677995E2F5}.Release|iPhone.ActiveCfg = Release|Any CPU
		{0EBC708A-424D-484F-8B03-4D677995E2F5}.Release|iPhone.Build.0 = Release|Any CPU
		{0EBC708A-424D-484F-8B03-4D677995E2F5}.Release|iPhoneSimulator.ActiveCfg = Release|Any CPU
		{0EBC708A-424D-484F-8B03-4D677995E2F5}.Release|iPhoneSimulator.Build.0 = Release|Any CPU
		{0EBC708A-424D-484F-8B03-4D677995E2F5}.Release|x64.ActiveCfg = Release|Any CPU
		{0EBC708A-424D-484F-8B03-4D677995E2F5}.Release|x64.Build.0 = Release|Any CPU
		{0EBC708A-424D-484F-8B03-4D677995E2F5}.Release|x86.ActiveCfg = Release|Any CPU
		{0EBC708A-424D-484F-8B03-4D677995E2F5}.Release|x86.Build.0 = Release|Any CPU
		{5A3530AB-4053-4CF3-BEDE-A3E04C45D255}.Debug|Any CPU.ActiveCfg = Debug|Any CPU
		{5A3530AB-4053-4CF3-BEDE-A3E04C45D255}.Debug|Any CPU.Build.0 = Debug|Any CPU
		{5A3530AB-4053-4CF3-BEDE-A3E04C45D255}.Debug|ARM.ActiveCfg = Debug|Any CPU
		{5A3530AB-4053-4CF3-BEDE-A3E04C45D255}.Debug|ARM.Build.0 = Debug|Any CPU
		{5A3530AB-4053-4CF3-BEDE-A3E04C45D255}.Debug|iPhone.ActiveCfg = Debug|Any CPU
		{5A3530AB-4053-4CF3-BEDE-A3E04C45D255}.Debug|iPhone.Build.0 = Debug|Any CPU
		{5A3530AB-4053-4CF3-BEDE-A3E04C45D255}.Debug|iPhoneSimulator.ActiveCfg = Debug|Any CPU
		{5A3530AB-4053-4CF3-BEDE-A3E04C45D255}.Debug|iPhoneSimulator.Build.0 = Debug|Any CPU
		{5A3530AB-4053-4CF3-BEDE-A3E04C45D255}.Debug|x64.ActiveCfg = Debug|Any CPU
		{5A3530AB-4053-4CF3-BEDE-A3E04C45D255}.Debug|x64.Build.0 = Debug|Any CPU
		{5A3530AB-4053-4CF3-BEDE-A3E04C45D255}.Debug|x86.ActiveCfg = Debug|Any CPU
		{5A3530AB-4053-4CF3-BEDE-A3E04C45D255}.Debug|x86.Build.0 = Debug|Any CPU
		{5A3530AB-4053-4CF3-BEDE-A3E04C45D255}.Release|Any CPU.ActiveCfg = Release|Any CPU
		{5A3530AB-4053-4CF3-BEDE-A3E04C45D255}.Release|Any CPU.Build.0 = Release|Any CPU
		{5A3530AB-4053-4CF3-BEDE-A3E04C45D255}.Release|ARM.ActiveCfg = Release|Any CPU
		{5A3530AB-4053-4CF3-BEDE-A3E04C45D255}.Release|ARM.Build.0 = Release|Any CPU
		{5A3530AB-4053-4CF3-BEDE-A3E04C45D255}.Release|iPhone.ActiveCfg = Release|Any CPU
		{5A3530AB-4053-4CF3-BEDE-A3E04C45D255}.Release|iPhone.Build.0 = Release|Any CPU
		{5A3530AB-4053-4CF3-BEDE-A3E04C45D255}.Release|iPhoneSimulator.ActiveCfg = Release|Any CPU
		{5A3530AB-4053-4CF3-BEDE-A3E04C45D255}.Release|iPhoneSimulator.Build.0 = Release|Any CPU
		{5A3530AB-4053-4CF3-BEDE-A3E04C45D255}.Release|x64.ActiveCfg = Release|Any CPU
		{5A3530AB-4053-4CF3-BEDE-A3E04C45D255}.Release|x64.Build.0 = Release|Any CPU
		{5A3530AB-4053-4CF3-BEDE-A3E04C45D255}.Release|x86.ActiveCfg = Release|Any CPU
		{5A3530AB-4053-4CF3-BEDE-A3E04C45D255}.Release|x86.Build.0 = Release|Any CPU
		{1D18D929-1B53-4AF9-9499-14ABB26D257F}.Debug|Any CPU.ActiveCfg = Debug|Any CPU
		{1D18D929-1B53-4AF9-9499-14ABB26D257F}.Debug|Any CPU.Build.0 = Debug|Any CPU
		{1D18D929-1B53-4AF9-9499-14ABB26D257F}.Debug|ARM.ActiveCfg = Debug|Any CPU
		{1D18D929-1B53-4AF9-9499-14ABB26D257F}.Debug|ARM.Build.0 = Debug|Any CPU
		{1D18D929-1B53-4AF9-9499-14ABB26D257F}.Debug|iPhone.ActiveCfg = Debug|Any CPU
		{1D18D929-1B53-4AF9-9499-14ABB26D257F}.Debug|iPhone.Build.0 = Debug|Any CPU
		{1D18D929-1B53-4AF9-9499-14ABB26D257F}.Debug|iPhoneSimulator.ActiveCfg = Debug|Any CPU
		{1D18D929-1B53-4AF9-9499-14ABB26D257F}.Debug|iPhoneSimulator.Build.0 = Debug|Any CPU
		{1D18D929-1B53-4AF9-9499-14ABB26D257F}.Debug|x64.ActiveCfg = Debug|Any CPU
		{1D18D929-1B53-4AF9-9499-14ABB26D257F}.Debug|x64.Build.0 = Debug|Any CPU
		{1D18D929-1B53-4AF9-9499-14ABB26D257F}.Debug|x86.ActiveCfg = Debug|Any CPU
		{1D18D929-1B53-4AF9-9499-14ABB26D257F}.Debug|x86.Build.0 = Debug|Any CPU
		{1D18D929-1B53-4AF9-9499-14ABB26D257F}.Release|Any CPU.ActiveCfg = Release|Any CPU
		{1D18D929-1B53-4AF9-9499-14ABB26D257F}.Release|Any CPU.Build.0 = Release|Any CPU
		{1D18D929-1B53-4AF9-9499-14ABB26D257F}.Release|ARM.ActiveCfg = Release|Any CPU
		{1D18D929-1B53-4AF9-9499-14ABB26D257F}.Release|ARM.Build.0 = Release|Any CPU
		{1D18D929-1B53-4AF9-9499-14ABB26D257F}.Release|iPhone.ActiveCfg = Release|Any CPU
		{1D18D929-1B53-4AF9-9499-14ABB26D257F}.Release|iPhone.Build.0 = Release|Any CPU
		{1D18D929-1B53-4AF9-9499-14ABB26D257F}.Release|iPhoneSimulator.ActiveCfg = Release|Any CPU
		{1D18D929-1B53-4AF9-9499-14ABB26D257F}.Release|iPhoneSimulator.Build.0 = Release|Any CPU
		{1D18D929-1B53-4AF9-9499-14ABB26D257F}.Release|x64.ActiveCfg = Release|Any CPU
		{1D18D929-1B53-4AF9-9499-14ABB26D257F}.Release|x64.Build.0 = Release|Any CPU
		{1D18D929-1B53-4AF9-9499-14ABB26D257F}.Release|x86.ActiveCfg = Release|Any CPU
		{1D18D929-1B53-4AF9-9499-14ABB26D257F}.Release|x86.Build.0 = Release|Any CPU
		{1C2073B0-B1E6-4D3B-9D10-B0F278C671E4}.Debug|Any CPU.ActiveCfg = Debug|Any CPU
		{1C2073B0-B1E6-4D3B-9D10-B0F278C671E4}.Debug|Any CPU.Build.0 = Debug|Any CPU
		{1C2073B0-B1E6-4D3B-9D10-B0F278C671E4}.Debug|ARM.ActiveCfg = Debug|Any CPU
		{1C2073B0-B1E6-4D3B-9D10-B0F278C671E4}.Debug|ARM.Build.0 = Debug|Any CPU
		{1C2073B0-B1E6-4D3B-9D10-B0F278C671E4}.Debug|iPhone.ActiveCfg = Debug|Any CPU
		{1C2073B0-B1E6-4D3B-9D10-B0F278C671E4}.Debug|iPhoneSimulator.ActiveCfg = Debug|Any CPU
		{1C2073B0-B1E6-4D3B-9D10-B0F278C671E4}.Debug|x64.ActiveCfg = Debug|Any CPU
		{1C2073B0-B1E6-4D3B-9D10-B0F278C671E4}.Debug|x64.Build.0 = Debug|Any CPU
		{1C2073B0-B1E6-4D3B-9D10-B0F278C671E4}.Debug|x86.ActiveCfg = Debug|Any CPU
		{1C2073B0-B1E6-4D3B-9D10-B0F278C671E4}.Debug|x86.Build.0 = Debug|Any CPU
		{1C2073B0-B1E6-4D3B-9D10-B0F278C671E4}.Release|Any CPU.ActiveCfg = Release|Any CPU
		{1C2073B0-B1E6-4D3B-9D10-B0F278C671E4}.Release|Any CPU.Build.0 = Release|Any CPU
		{1C2073B0-B1E6-4D3B-9D10-B0F278C671E4}.Release|ARM.ActiveCfg = Release|Any CPU
		{1C2073B0-B1E6-4D3B-9D10-B0F278C671E4}.Release|ARM.Build.0 = Release|Any CPU
		{1C2073B0-B1E6-4D3B-9D10-B0F278C671E4}.Release|iPhone.ActiveCfg = Release|Any CPU
		{1C2073B0-B1E6-4D3B-9D10-B0F278C671E4}.Release|iPhone.Build.0 = Release|Any CPU
		{1C2073B0-B1E6-4D3B-9D10-B0F278C671E4}.Release|iPhoneSimulator.ActiveCfg = Release|Any CPU
		{1C2073B0-B1E6-4D3B-9D10-B0F278C671E4}.Release|iPhoneSimulator.Build.0 = Release|Any CPU
		{1C2073B0-B1E6-4D3B-9D10-B0F278C671E4}.Release|x64.ActiveCfg = Release|Any CPU
		{1C2073B0-B1E6-4D3B-9D10-B0F278C671E4}.Release|x64.Build.0 = Release|Any CPU
		{1C2073B0-B1E6-4D3B-9D10-B0F278C671E4}.Release|x86.ActiveCfg = Release|Any CPU
		{1C2073B0-B1E6-4D3B-9D10-B0F278C671E4}.Release|x86.Build.0 = Release|Any CPU
		{D480A440-318D-4CD2-A662-17D6179B14DE}.Debug|Any CPU.ActiveCfg = Debug|Any CPU
		{D480A440-318D-4CD2-A662-17D6179B14DE}.Debug|Any CPU.Deploy.0 = Debug|Any CPU
		{D480A440-318D-4CD2-A662-17D6179B14DE}.Debug|ARM.ActiveCfg = Debug|Any CPU
		{D480A440-318D-4CD2-A662-17D6179B14DE}.Debug|iPhone.ActiveCfg = Debug|Any CPU
		{D480A440-318D-4CD2-A662-17D6179B14DE}.Debug|iPhone.Build.0 = Debug|Any CPU
		{D480A440-318D-4CD2-A662-17D6179B14DE}.Debug|iPhoneSimulator.ActiveCfg = Debug|Any CPU
		{D480A440-318D-4CD2-A662-17D6179B14DE}.Debug|iPhoneSimulator.Build.0 = Debug|Any CPU
		{D480A440-318D-4CD2-A662-17D6179B14DE}.Debug|x64.ActiveCfg = Debug|Any CPU
		{D480A440-318D-4CD2-A662-17D6179B14DE}.Debug|x86.ActiveCfg = Debug|Any CPU
		{D480A440-318D-4CD2-A662-17D6179B14DE}.Release|Any CPU.ActiveCfg = Release|Any CPU
		{D480A440-318D-4CD2-A662-17D6179B14DE}.Release|Any CPU.Build.0 = Release|Any CPU
		{D480A440-318D-4CD2-A662-17D6179B14DE}.Release|ARM.ActiveCfg = Release|Any CPU
		{D480A440-318D-4CD2-A662-17D6179B14DE}.Release|ARM.Build.0 = Release|Any CPU
		{D480A440-318D-4CD2-A662-17D6179B14DE}.Release|iPhone.ActiveCfg = Release|Any CPU
		{D480A440-318D-4CD2-A662-17D6179B14DE}.Release|iPhone.Build.0 = Release|Any CPU
		{D480A440-318D-4CD2-A662-17D6179B14DE}.Release|iPhoneSimulator.ActiveCfg = Release|Any CPU
		{D480A440-318D-4CD2-A662-17D6179B14DE}.Release|iPhoneSimulator.Build.0 = Release|Any CPU
		{D480A440-318D-4CD2-A662-17D6179B14DE}.Release|x64.ActiveCfg = Release|Any CPU
		{D480A440-318D-4CD2-A662-17D6179B14DE}.Release|x64.Build.0 = Release|Any CPU
		{D480A440-318D-4CD2-A662-17D6179B14DE}.Release|x86.ActiveCfg = Release|Any CPU
		{D480A440-318D-4CD2-A662-17D6179B14DE}.Release|x86.Build.0 = Release|Any CPU
		{2C4B0766-DF89-4466-B841-0BA58FD9D19B}.Debug|Any CPU.ActiveCfg = Debug|Any CPU
		{2C4B0766-DF89-4466-B841-0BA58FD9D19B}.Debug|Any CPU.Build.0 = Debug|Any CPU
		{2C4B0766-DF89-4466-B841-0BA58FD9D19B}.Debug|ARM.ActiveCfg = Debug|Any CPU
		{2C4B0766-DF89-4466-B841-0BA58FD9D19B}.Debug|ARM.Build.0 = Debug|Any CPU
		{2C4B0766-DF89-4466-B841-0BA58FD9D19B}.Debug|iPhone.ActiveCfg = Debug|Any CPU
		{2C4B0766-DF89-4466-B841-0BA58FD9D19B}.Debug|iPhone.Build.0 = Debug|Any CPU
		{2C4B0766-DF89-4466-B841-0BA58FD9D19B}.Debug|iPhoneSimulator.ActiveCfg = Debug|Any CPU
		{2C4B0766-DF89-4466-B841-0BA58FD9D19B}.Debug|iPhoneSimulator.Build.0 = Debug|Any CPU
		{2C4B0766-DF89-4466-B841-0BA58FD9D19B}.Debug|x64.ActiveCfg = Debug|Any CPU
		{2C4B0766-DF89-4466-B841-0BA58FD9D19B}.Debug|x64.Build.0 = Debug|Any CPU
		{2C4B0766-DF89-4466-B841-0BA58FD9D19B}.Debug|x86.ActiveCfg = Debug|Any CPU
		{2C4B0766-DF89-4466-B841-0BA58FD9D19B}.Debug|x86.Build.0 = Debug|Any CPU
		{2C4B0766-DF89-4466-B841-0BA58FD9D19B}.Release|Any CPU.ActiveCfg = Release|Any CPU
		{2C4B0766-DF89-4466-B841-0BA58FD9D19B}.Release|Any CPU.Build.0 = Release|Any CPU
		{2C4B0766-DF89-4466-B841-0BA58FD9D19B}.Release|ARM.ActiveCfg = Release|Any CPU
		{2C4B0766-DF89-4466-B841-0BA58FD9D19B}.Release|ARM.Build.0 = Release|Any CPU
		{2C4B0766-DF89-4466-B841-0BA58FD9D19B}.Release|iPhone.ActiveCfg = Release|Any CPU
		{2C4B0766-DF89-4466-B841-0BA58FD9D19B}.Release|iPhone.Build.0 = Release|Any CPU
		{2C4B0766-DF89-4466-B841-0BA58FD9D19B}.Release|iPhoneSimulator.ActiveCfg = Release|Any CPU
		{2C4B0766-DF89-4466-B841-0BA58FD9D19B}.Release|iPhoneSimulator.Build.0 = Release|Any CPU
		{2C4B0766-DF89-4466-B841-0BA58FD9D19B}.Release|x64.ActiveCfg = Release|Any CPU
		{2C4B0766-DF89-4466-B841-0BA58FD9D19B}.Release|x64.Build.0 = Release|Any CPU
		{2C4B0766-DF89-4466-B841-0BA58FD9D19B}.Release|x86.ActiveCfg = Release|Any CPU
		{2C4B0766-DF89-4466-B841-0BA58FD9D19B}.Release|x86.Build.0 = Release|Any CPU
		{0B984675-688B-41C6-BEB7-D104DE9158C3}.Debug|Any CPU.ActiveCfg = Debug|Any CPU
		{0B984675-688B-41C6-BEB7-D104DE9158C3}.Debug|Any CPU.Build.0 = Debug|Any CPU
		{0B984675-688B-41C6-BEB7-D104DE9158C3}.Debug|ARM.ActiveCfg = Debug|Any CPU
		{0B984675-688B-41C6-BEB7-D104DE9158C3}.Debug|ARM.Build.0 = Debug|Any CPU
		{0B984675-688B-41C6-BEB7-D104DE9158C3}.Debug|iPhone.ActiveCfg = Debug|Any CPU
		{0B984675-688B-41C6-BEB7-D104DE9158C3}.Debug|iPhone.Build.0 = Debug|Any CPU
		{0B984675-688B-41C6-BEB7-D104DE9158C3}.Debug|iPhoneSimulator.ActiveCfg = Debug|Any CPU
		{0B984675-688B-41C6-BEB7-D104DE9158C3}.Debug|iPhoneSimulator.Build.0 = Debug|Any CPU
		{0B984675-688B-41C6-BEB7-D104DE9158C3}.Debug|x64.ActiveCfg = Debug|Any CPU
		{0B984675-688B-41C6-BEB7-D104DE9158C3}.Debug|x64.Build.0 = Debug|Any CPU
		{0B984675-688B-41C6-BEB7-D104DE9158C3}.Debug|x86.ActiveCfg = Debug|Any CPU
		{0B984675-688B-41C6-BEB7-D104DE9158C3}.Debug|x86.Build.0 = Debug|Any CPU
		{0B984675-688B-41C6-BEB7-D104DE9158C3}.Release|Any CPU.ActiveCfg = Release|Any CPU
		{0B984675-688B-41C6-BEB7-D104DE9158C3}.Release|Any CPU.Build.0 = Release|Any CPU
		{0B984675-688B-41C6-BEB7-D104DE9158C3}.Release|ARM.ActiveCfg = Release|Any CPU
		{0B984675-688B-41C6-BEB7-D104DE9158C3}.Release|ARM.Build.0 = Release|Any CPU
		{0B984675-688B-41C6-BEB7-D104DE9158C3}.Release|iPhone.ActiveCfg = Release|Any CPU
		{0B984675-688B-41C6-BEB7-D104DE9158C3}.Release|iPhone.Build.0 = Release|Any CPU
		{0B984675-688B-41C6-BEB7-D104DE9158C3}.Release|iPhoneSimulator.ActiveCfg = Release|Any CPU
		{0B984675-688B-41C6-BEB7-D104DE9158C3}.Release|iPhoneSimulator.Build.0 = Release|Any CPU
		{0B984675-688B-41C6-BEB7-D104DE9158C3}.Release|x64.ActiveCfg = Release|Any CPU
		{0B984675-688B-41C6-BEB7-D104DE9158C3}.Release|x64.Build.0 = Release|Any CPU
		{0B984675-688B-41C6-BEB7-D104DE9158C3}.Release|x86.ActiveCfg = Release|Any CPU
		{0B984675-688B-41C6-BEB7-D104DE9158C3}.Release|x86.Build.0 = Release|Any CPU
		{ED10B823-AA77-4142-919F-6A42C4D087A9}.Debug|Any CPU.ActiveCfg = Debug|Any CPU
		{ED10B823-AA77-4142-919F-6A42C4D087A9}.Debug|Any CPU.Build.0 = Debug|Any CPU
		{ED10B823-AA77-4142-919F-6A42C4D087A9}.Debug|ARM.ActiveCfg = Debug|Any CPU
		{ED10B823-AA77-4142-919F-6A42C4D087A9}.Debug|ARM.Build.0 = Debug|Any CPU
		{ED10B823-AA77-4142-919F-6A42C4D087A9}.Debug|iPhone.ActiveCfg = Debug|Any CPU
		{ED10B823-AA77-4142-919F-6A42C4D087A9}.Debug|iPhone.Build.0 = Debug|Any CPU
		{ED10B823-AA77-4142-919F-6A42C4D087A9}.Debug|iPhoneSimulator.ActiveCfg = Debug|Any CPU
		{ED10B823-AA77-4142-919F-6A42C4D087A9}.Debug|iPhoneSimulator.Build.0 = Debug|Any CPU
		{ED10B823-AA77-4142-919F-6A42C4D087A9}.Debug|x64.ActiveCfg = Debug|Any CPU
		{ED10B823-AA77-4142-919F-6A42C4D087A9}.Debug|x64.Build.0 = Debug|Any CPU
		{ED10B823-AA77-4142-919F-6A42C4D087A9}.Debug|x86.ActiveCfg = Debug|Any CPU
		{ED10B823-AA77-4142-919F-6A42C4D087A9}.Debug|x86.Build.0 = Debug|Any CPU
		{ED10B823-AA77-4142-919F-6A42C4D087A9}.Release|Any CPU.ActiveCfg = Release|Any CPU
		{ED10B823-AA77-4142-919F-6A42C4D087A9}.Release|Any CPU.Build.0 = Release|Any CPU
		{ED10B823-AA77-4142-919F-6A42C4D087A9}.Release|ARM.ActiveCfg = Release|Any CPU
		{ED10B823-AA77-4142-919F-6A42C4D087A9}.Release|ARM.Build.0 = Release|Any CPU
		{ED10B823-AA77-4142-919F-6A42C4D087A9}.Release|iPhone.ActiveCfg = Release|Any CPU
		{ED10B823-AA77-4142-919F-6A42C4D087A9}.Release|iPhone.Build.0 = Release|Any CPU
		{ED10B823-AA77-4142-919F-6A42C4D087A9}.Release|iPhoneSimulator.ActiveCfg = Release|Any CPU
		{ED10B823-AA77-4142-919F-6A42C4D087A9}.Release|iPhoneSimulator.Build.0 = Release|Any CPU
		{ED10B823-AA77-4142-919F-6A42C4D087A9}.Release|x64.ActiveCfg = Release|Any CPU
		{ED10B823-AA77-4142-919F-6A42C4D087A9}.Release|x64.Build.0 = Release|Any CPU
		{ED10B823-AA77-4142-919F-6A42C4D087A9}.Release|x86.ActiveCfg = Release|Any CPU
		{ED10B823-AA77-4142-919F-6A42C4D087A9}.Release|x86.Build.0 = Release|Any CPU
	EndGlobalSection
	GlobalSection(SolutionProperties) = preSolution
		HideSolutionNode = FALSE
	EndGlobalSection
	GlobalSection(NestedProjects) = preSolution
		{0FC3A639-20AD-41B5-BFCB-1619B5EDB8ED} = {D10504C4-934B-473D-BFF8-D69BDC60E72B}
		{0EBC708A-424D-484F-8B03-4D677995E2F5} = {D10504C4-934B-473D-BFF8-D69BDC60E72B}
		{5A3530AB-4053-4CF3-BEDE-A3E04C45D255} = {C452A2D9-C10D-487C-8004-22C90652D0F3}
		{1D18D929-1B53-4AF9-9499-14ABB26D257F} = {C452A2D9-C10D-487C-8004-22C90652D0F3}
		{1C2073B0-B1E6-4D3B-9D10-B0F278C671E4} = {C452A2D9-C10D-487C-8004-22C90652D0F3}
		{D480A440-318D-4CD2-A662-17D6179B14DE} = {C452A2D9-C10D-487C-8004-22C90652D0F3}
		{2C4B0766-DF89-4466-B841-0BA58FD9D19B} = {C452A2D9-C10D-487C-8004-22C90652D0F3}
		{0B984675-688B-41C6-BEB7-D104DE9158C3} = {C452A2D9-C10D-487C-8004-22C90652D0F3}
		{ED10B823-AA77-4142-919F-6A42C4D087A9} = {C452A2D9-C10D-487C-8004-22C90652D0F3}
	EndGlobalSection
EndGlobal
