PODS:
  - AppCenter/Analytics (2.0.1):
    - AppCenter/Core
  - AppCenter/Core (2.0.1)
  - AppCenter/Crashes (2.0.1):
    - AppCenter/Core
  - AppCenterReactNativeShared (2.0.0):
    - AppCenter/Core (= 2.0.1)
  - AppCenterXCUITestExtensions (1.0.0)

DEPENDENCIES:
  - AppCenter/Analytics (~> 2.0.1)
  - AppCenter/Crashes (~> 2.0.1)
  - AppCenterReactNativeShared (~> 2.0.0)
  - AppCenterXCUITestExtensions (= 1.0.0)

SPEC REPOS:
  https://github.com/CocoaPods/Specs.git:
    - AppCenter
    - AppCenterReactNativeShared
    - AppCenterXCUITestExtensions

SPEC CHECKSUMS:
  AppCenter: 6a5ff2fd007b53431259fdd74f91eb3d0dfea3d1
  AppCenterReactNativeShared: a55d6899b99ca2c4904cffd82b2d687626afe251
  AppCenterXCUITestExtensions: 8825ed941664fa21d6740a5ed6928a84c06623ac

PODFILE CHECKSUM: d1ed894a94850ec35bb26fa60aa7bfd3c3356467

COCOAPODS: 1.5.0
