// !$*UTF8*$!
{
	archiveVersion = 1;
	classes = {
	};
	objectVersion = 46;
	objects = {

/* Begin PBXBuildFile section */
		264044071F06D794002657EC /* RootViewController.swift in Sources */ = {isa = PBXBuildFile; fileRef = 264044061F06D794002657EC /* RootViewController.swift */; };
		265586F11EF88770001914FC /* AppDelegate.swift in Sources */ = {isa = PBXBuildFile; fileRef = 265586F01EF88770001914FC /* AppDelegate.swift */; };
		265586F81EF88770001914FC /* Main.storyboard in Resources */ = {isa = PBXBuildFile; fileRef = 265586F61EF88770001914FC /* Main.storyboard */; };
		265586FA1EF88770001914FC /* Assets.xcassets in Resources */ = {isa = PBXBuildFile; fileRef = 265586F91EF88770001914FC /* Assets.xcassets */; };
		265586FD1EF88770001914FC /* LaunchScreen.storyboard in Resources */ = {isa = PBXBuildFile; fileRef = 265586FB1EF88770001914FC /* LaunchScreen.storyboard */; };
		267EDE4A1EFC7C5700AA5444 /* CrashViewController.swift in Sources */ = {isa = PBXBuildFile; fileRef = 267EDE491EFC7C5700AA5444 /* CrashViewController.swift */; };
		267EDE4C1EFC8AF600AA5444 /* AnalyticsViewController.swift in Sources */ = {isa = PBXBuildFile; fileRef = 267EDE4B1EFC8AF600AA5444 /* AnalyticsViewController.swift */; };
		C678D56557DD58162955D862 /* Pods_sampleapp_ios_swiftUITests.framework in Frameworks */ = {isa = PBXBuildFile; fileRef = DB089F8C1DC5C5869A4EC277 /* Pods_sampleapp_ios_swiftUITests.framework */; };
		F02E65BE1F1454DC00F657C9 /* sampleapp_ios_swiftUITests.swift in Sources */ = {isa = PBXBuildFile; fileRef = F02E65BD1F1454DC00F657C9 /* sampleapp_ios_swiftUITests.swift */; };
/* End PBXBuildFile section */

/* Begin PBXContainerItemProxy section */
		F02E65C01F1454DC00F657C9 /* PBXContainerItemProxy */ = {
			isa = PBXContainerItemProxy;
			containerPortal = 265586E51EF88770001914FC /* Project object */;
			proxyType = 1;
			remoteGlobalIDString = 265586EC1EF88770001914FC;
			remoteInfo = "demoapp-ios-swift";
		};
/* End PBXContainerItemProxy section */

/* Begin PBXFileReference section */
		07D8DC3DFAD6FFDFFD74D804 /* Pods-sampleapp-ios-swiftUITests.release.xcconfig */ = {isa = PBXFileReference; includeInIndex = 1; lastKnownFileType = text.xcconfig; name = "Pods-sampleapp-ios-swiftUITests.release.xcconfig"; path = "Pods/Target Support Files/Pods-sampleapp-ios-swiftUITests/Pods-sampleapp-ios-swiftUITests.release.xcconfig"; sourceTree = "<group>"; };
		1FF790B40477C2F03557AC20 /* Pods-sampleapp-ios-swift.release.xcconfig */ = {isa = PBXFileReference; includeInIndex = 1; lastKnownFileType = text.xcconfig; name = "Pods-sampleapp-ios-swift.release.xcconfig"; path = "Pods/Target Support Files/Pods-sampleapp-ios-swift/Pods-sampleapp-ios-swift.release.xcconfig"; sourceTree = "<group>"; };
		264044061F06D794002657EC /* RootViewController.swift */ = {isa = PBXFileReference; fileEncoding = 4; lastKnownFileType = sourcecode.swift; path = RootViewController.swift; sourceTree = "<group>"; };
		265586ED1EF88770001914FC /* sampleapp-ios-swift.app */ = {isa = PBXFileReference; explicitFileType = wrapper.application; includeInIndex = 0; path = "sampleapp-ios-swift.app"; sourceTree = BUILT_PRODUCTS_DIR; };
		265586F01EF88770001914FC /* AppDelegate.swift */ = {isa = PBXFileReference; lastKnownFileType = sourcecode.swift; path = AppDelegate.swift; sourceTree = "<group>"; };
		265586F71EF88770001914FC /* Base */ = {isa = PBXFileReference; lastKnownFileType = file.storyboard; name = Base; path = Base.lproj/Main.storyboard; sourceTree = "<group>"; };
		265586F91EF88770001914FC /* Assets.xcassets */ = {isa = PBXFileReference; lastKnownFileType = folder.assetcatalog; path = Assets.xcassets; sourceTree = "<group>"; };
		265586FC1EF88770001914FC /* Base */ = {isa = PBXFileReference; lastKnownFileType = file.storyboard; name = Base; path = Base.lproj/LaunchScreen.storyboard; sourceTree = "<group>"; };
		265586FE1EF88770001914FC /* Info.plist */ = {isa = PBXFileReference; lastKnownFileType = text.plist.xml; path = Info.plist; sourceTree = "<group>"; };
		267EDE491EFC7C5700AA5444 /* CrashViewController.swift */ = {isa = PBXFileReference; fileEncoding = 4; lastKnownFileType = sourcecode.swift; path = CrashViewController.swift; sourceTree = "<group>"; };
		267EDE4B1EFC8AF600AA5444 /* AnalyticsViewController.swift */ = {isa = PBXFileReference; fileEncoding = 4; lastKnownFileType = sourcecode.swift; path = AnalyticsViewController.swift; sourceTree = "<group>"; };
		4CF7847DECF91A1AD126D8F4 /* Pods_sampleapp_ios_swift.framework */ = {isa = PBXFileReference; explicitFileType = wrapper.framework; includeInIndex = 0; path = Pods_sampleapp_ios_swift.framework; sourceTree = BUILT_PRODUCTS_DIR; };
		4F01A594D9B5CE89868FAD07 /* Pods-sampleapp-ios-swift.debug.xcconfig */ = {isa = PBXFileReference; includeInIndex = 1; lastKnownFileType = text.xcconfig; name = "Pods-sampleapp-ios-swift.debug.xcconfig"; path = "Pods/Target Support Files/Pods-sampleapp-ios-swift/Pods-sampleapp-ios-swift.debug.xcconfig"; sourceTree = "<group>"; };
		552E9B1CAA5E604F5301907D /* Pods-sampleapp-ios-swiftUITests.debug.xcconfig */ = {isa = PBXFileReference; includeInIndex = 1; lastKnownFileType = text.xcconfig; name = "Pods-sampleapp-ios-swiftUITests.debug.xcconfig"; path = "Pods/Target Support Files/Pods-sampleapp-ios-swiftUITests/Pods-sampleapp-ios-swiftUITests.debug.xcconfig"; sourceTree = "<group>"; };
		DB089F8C1DC5C5869A4EC277 /* Pods_sampleapp_ios_swiftUITests.framework */ = {isa = PBXFileReference; explicitFileType = wrapper.framework; includeInIndex = 0; path = Pods_sampleapp_ios_swiftUITests.framework; sourceTree = BUILT_PRODUCTS_DIR; };
		F02E65BB1F1454DC00F657C9 /* sampleapp-ios-swiftUITests.xctest */ = {isa = PBXFileReference; explicitFileType = wrapper.cfbundle; includeInIndex = 0; path = "sampleapp-ios-swiftUITests.xctest"; sourceTree = BUILT_PRODUCTS_DIR; };
		F02E65BD1F1454DC00F657C9 /* sampleapp_ios_swiftUITests.swift */ = {isa = PBXFileReference; lastKnownFileType = sourcecode.swift; path = sampleapp_ios_swiftUITests.swift; sourceTree = "<group>"; };
		F02E65BF1F1454DC00F657C9 /* Info.plist */ = {isa = PBXFileReference; lastKnownFileType = text.plist.xml; path = Info.plist; sourceTree = "<group>"; };
		F0DDF9751F157DCF00530C9B /* sampleapp-ios-swift.entitlements */ = {isa = PBXFileReference; lastKnownFileType = text.plist.entitlements; path = "sampleapp-ios-swift.entitlements"; sourceTree = "<group>"; };
/* End PBXFileReference section */

/* Begin PBXFrameworksBuildPhase section */
		002CD8CE89A0929952E0EDA0 /* Frameworks */ = {
			isa = PBXFrameworksBuildPhase;
			buildActionMask = 2147483647;
			files = (
			);
			runOnlyForDeploymentPostprocessing = 0;
		};
		F02E65B81F1454DC00F657C9 /* Frameworks */ = {
			isa = PBXFrameworksBuildPhase;
			buildActionMask = 2147483647;
			files = (
				C678D56557DD58162955D862 /* Pods_sampleapp_ios_swiftUITests.framework in Frameworks */,
			);
			runOnlyForDeploymentPostprocessing = 0;
		};
/* End PBXFrameworksBuildPhase section */

/* Begin PBXGroup section */
		265586E41EF88770001914FC = {
			isa = PBXGroup;
			children = (
				265586EF1EF88770001914FC /* sampleapp-ios-swift */,
				F02E65BC1F1454DC00F657C9 /* sampleapp-ios-swiftUITests */,
				265586EE1EF88770001914FC /* Products */,
				A0A1D218C944D82D2185DFD5 /* Pods */,
				C24EBEBD1933807FEF9C2645 /* Frameworks */,
			);
			sourceTree = "<group>";
		};
		265586EE1EF88770001914FC /* Products */ = {
			isa = PBXGroup;
			children = (
				265586ED1EF88770001914FC /* sampleapp-ios-swift.app */,
				F02E65BB1F1454DC00F657C9 /* sampleapp-ios-swiftUITests.xctest */,
			);
			name = Products;
			sourceTree = "<group>";
		};
		265586EF1EF88770001914FC /* sampleapp-ios-swift */ = {
			isa = PBXGroup;
			children = (
				F0DDF9751F157DCF00530C9B /* sampleapp-ios-swift.entitlements */,
				265586FE1EF88770001914FC /* Info.plist */,
				267EDE4B1EFC8AF600AA5444 /* AnalyticsViewController.swift */,
				265586F01EF88770001914FC /* AppDelegate.swift */,
				267EDE491EFC7C5700AA5444 /* CrashViewController.swift */,
				264044061F06D794002657EC /* RootViewController.swift */,
				265586F91EF88770001914FC /* Assets.xcassets */,
				265586FB1EF88770001914FC /* LaunchScreen.storyboard */,
				265586F61EF88770001914FC /* Main.storyboard */,
			);
			path = "sampleapp-ios-swift";
			sourceTree = "<group>";
		};
		A0A1D218C944D82D2185DFD5 /* Pods */ = {
			isa = PBXGroup;
			children = (
				4F01A594D9B5CE89868FAD07 /* Pods-sampleapp-ios-swift.debug.xcconfig */,
				1FF790B40477C2F03557AC20 /* Pods-sampleapp-ios-swift.release.xcconfig */,
				552E9B1CAA5E604F5301907D /* Pods-sampleapp-ios-swiftUITests.debug.xcconfig */,
				07D8DC3DFAD6FFDFFD74D804 /* Pods-sampleapp-ios-swiftUITests.release.xcconfig */,
			);
			name = Pods;
			sourceTree = "<group>";
		};
		C24EBEBD1933807FEF9C2645 /* Frameworks */ = {
			isa = PBXGroup;
			children = (
				4CF7847DECF91A1AD126D8F4 /* Pods_sampleapp_ios_swift.framework */,
				DB089F8C1DC5C5869A4EC277 /* Pods_sampleapp_ios_swiftUITests.framework */,
			);
			name = Frameworks;
			sourceTree = "<group>";
		};
		F02E65BC1F1454DC00F657C9 /* sampleapp-ios-swiftUITests */ = {
			isa = PBXGroup;
			children = (
				F02E65BD1F1454DC00F657C9 /* sampleapp_ios_swiftUITests.swift */,
				F02E65BF1F1454DC00F657C9 /* Info.plist */,
			);
			path = "sampleapp-ios-swiftUITests";
			sourceTree = "<group>";
		};
/* End PBXGroup section */

/* Begin PBXNativeTarget section */
		265586EC1EF88770001914FC /* sampleapp-ios-swift */ = {
			isa = PBXNativeTarget;
			buildConfigurationList = 265587171EF88771001914FC /* Build configuration list for PBXNativeTarget "sampleapp-ios-swift" */;
			buildPhases = (
				3210B9CCBD2EE7EF151D287B /* [CP] Check Pods Manifest.lock */,
				265586E91EF88770001914FC /* Sources */,
				265586EB1EF88770001914FC /* Resources */,
				002CD8CE89A0929952E0EDA0 /* Frameworks */,
			);
			buildRules = (
			);
			dependencies = (
			);
			name = "sampleapp-ios-swift";
			productName = "demoapp-ios-swift";
			productReference = 265586ED1EF88770001914FC /* sampleapp-ios-swift.app */;
			productType = "com.apple.product-type.application";
		};
		F02E65BA1F1454DC00F657C9 /* sampleapp-ios-swiftUITests */ = {
			isa = PBXNativeTarget;
			buildConfigurationList = F02E65C21F1454DC00F657C9 /* Build configuration list for PBXNativeTarget "sampleapp-ios-swiftUITests" */;
			buildPhases = (
				4F02B79723C827312A4BA842 /* [CP] Check Pods Manifest.lock */,
				F02E65B71F1454DC00F657C9 /* Sources */,
				F02E65B81F1454DC00F657C9 /* Frameworks */,
				F02E65B91F1454DC00F657C9 /* Resources */,
				8A26701896ACD7C0BFC9DD29 /* [CP] Embed Pods Frameworks */,
			);
			buildRules = (
			);
			dependencies = (
				F02E65C11F1454DC00F657C9 /* PBXTargetDependency */,
			);
			name = "sampleapp-ios-swiftUITests";
			productName = "demoapp-ios-swiftUITests";
			productReference = F02E65BB1F1454DC00F657C9 /* sampleapp-ios-swiftUITests.xctest */;
			productType = "com.apple.product-type.bundle.ui-testing";
		};
/* End PBXNativeTarget section */

/* Begin PBXProject section */
		265586E51EF88770001914FC /* Project object */ = {
			isa = PBXProject;
			attributes = {
				LastSwiftUpdateCheck = 0830;
				LastUpgradeCheck = 0830;
				ORGANIZATIONNAME = Tina;
				TargetAttributes = {
					265586EC1EF88770001914FC = {
						CreatedOnToolsVersion = 8.3.2;
						ProvisioningStyle = Manual;
						SystemCapabilities = {
							com.apple.Push = {
								enabled = 0;
							};
						};
					};
					F02E65BA1F1454DC00F657C9 = {
						CreatedOnToolsVersion = 8.3.3;
						ProvisioningStyle = Automatic;
						TestTargetID = 265586EC1EF88770001914FC;
					};
				};
			};
			buildConfigurationList = 265586E81EF88770001914FC /* Build configuration list for PBXProject "sampleapp-ios-swift" */;
			compatibilityVersion = "Xcode 3.2";
			developmentRegion = English;
			hasScannedForEncodings = 0;
			knownRegions = (
				en,
				Base,
			);
			mainGroup = 265586E41EF88770001914FC;
			productRefGroup = 265586EE1EF88770001914FC /* Products */;
			projectDirPath = "";
			projectRoot = "";
			targets = (
				265586EC1EF88770001914FC /* sampleapp-ios-swift */,
				F02E65BA1F1454DC00F657C9 /* sampleapp-ios-swiftUITests */,
			);
		};
/* End PBXProject section */

/* Begin PBXResourcesBuildPhase section */
		265586EB1EF88770001914FC /* Resources */ = {
			isa = PBXResourcesBuildPhase;
			buildActionMask = 2147483647;
			files = (
				265586FD1EF88770001914FC /* LaunchScreen.storyboard in Resources */,
				265586FA1EF88770001914FC /* Assets.xcassets in Resources */,
				265586F81EF88770001914FC /* Main.storyboard in Resources */,
			);
			runOnlyForDeploymentPostprocessing = 0;
		};
		F02E65B91F1454DC00F657C9 /* Resources */ = {
			isa = PBXResourcesBuildPhase;
			buildActionMask = 2147483647;
			files = (
			);
			runOnlyForDeploymentPostprocessing = 0;
		};
/* End PBXResourcesBuildPhase section */

/* Begin PBXShellScriptBuildPhase section */
		3210B9CCBD2EE7EF151D287B /* [CP] Check Pods Manifest.lock */ = {
			isa = PBXShellScriptBuildPhase;
			buildActionMask = 2147483647;
			files = (
			);
			inputPaths = (
				"${PODS_PODFILE_DIR_PATH}/Podfile.lock",
				"${PODS_ROOT}/Manifest.lock",
			);
			name = "[CP] Check Pods Manifest.lock";
			outputPaths = (
				"$(DERIVED_FILE_DIR)/Pods-sampleapp-ios-swift-checkManifestLockResult.txt",
			);
			runOnlyForDeploymentPostprocessing = 0;
			shellPath = /bin/sh;
			shellScript = "diff \"${PODS_PODFILE_DIR_PATH}/Podfile.lock\" \"${PODS_ROOT}/Manifest.lock\" > /dev/null\nif [ $? != 0 ] ; then\n    # print error to STDERR\n    echo \"error: The sandbox is not in sync with the Podfile.lock. Run 'pod install' or update your CocoaPods installation.\" >&2\n    exit 1\nfi\n# This output is used by Xcode 'outputs' to avoid re-running this script phase.\necho \"SUCCESS\" > \"${SCRIPT_OUTPUT_FILE_0}\"\n";
			showEnvVarsInLog = 0;
		};
		4F02B79723C827312A4BA842 /* [CP] Check Pods Manifest.lock */ = {
			isa = PBXShellScriptBuildPhase;
			buildActionMask = 2147483647;
			files = (
			);
			inputPaths = (
				"${PODS_PODFILE_DIR_PATH}/Podfile.lock",
				"${PODS_ROOT}/Manifest.lock",
			);
			name = "[CP] Check Pods Manifest.lock";
			outputPaths = (
				"$(DERIVED_FILE_DIR)/Pods-sampleapp-ios-swiftUITests-checkManifestLockResult.txt",
			);
			runOnlyForDeploymentPostprocessing = 0;
			shellPath = /bin/sh;
			shellScript = "diff \"${PODS_PODFILE_DIR_PATH}/Podfile.lock\" \"${PODS_ROOT}/Manifest.lock\" > /dev/null\nif [ $? != 0 ] ; then\n    # print error to STDERR\n    echo \"error: The sandbox is not in sync with the Podfile.lock. Run 'pod install' or update your CocoaPods installation.\" >&2\n    exit 1\nfi\n# This output is used by Xcode 'outputs' to avoid re-running this script phase.\necho \"SUCCESS\" > \"${SCRIPT_OUTPUT_FILE_0}\"\n";
			showEnvVarsInLog = 0;
		};
		8A26701896ACD7C0BFC9DD29 /* [CP] Embed Pods Frameworks */ = {
			isa = PBXShellScriptBuildPhase;
			buildActionMask = 2147483647;
			files = (
			);
			inputPaths = (
				"${SRCROOT}/Pods/Target Support Files/Pods-sampleapp-ios-swiftUITests/Pods-sampleapp-ios-swiftUITests-frameworks.sh",
				"${BUILT_PRODUCTS_DIR}/VSMobileCenterExtensions/VSMobileCenterExtensions.framework",
			);
			name = "[CP] Embed Pods Frameworks";
			outputPaths = (
				"${TARGET_BUILD_DIR}/${FRAMEWORKS_FOLDER_PATH}/VSMobileCenterExtensions.framework",
			);
			runOnlyForDeploymentPostprocessing = 0;
			shellPath = /bin/sh;
			shellScript = "\"${SRCROOT}/Pods/Target Support Files/Pods-sampleapp-ios-swiftUITests/Pods-sampleapp-ios-swiftUITests-frameworks.sh\"\n";
			showEnvVarsInLog = 0;
		};
/* End PBXShellScriptBuildPhase section */

/* Begin PBXSourcesBuildPhase section */
		265586E91EF88770001914FC /* Sources */ = {
			isa = PBXSourcesBuildPhase;
			buildActionMask = 2147483647;
			files = (
				264044071F06D794002657EC /* RootViewController.swift in Sources */,
				265586F11EF88770001914FC /* AppDelegate.swift in Sources */,
				267EDE4A1EFC7C5700AA5444 /* CrashViewController.swift in Sources */,
				267EDE4C1EFC8AF600AA5444 /* AnalyticsViewController.swift in Sources */,
			);
			runOnlyForDeploymentPostprocessing = 0;
		};
		F02E65B71F1454DC00F657C9 /* Sources */ = {
			isa = PBXSourcesBuildPhase;
			buildActionMask = 2147483647;
			files = (
				F02E65BE1F1454DC00F657C9 /* sampleapp_ios_swiftUITests.swift in Sources */,
			);
			runOnlyForDeploymentPostprocessing = 0;
		};
/* End PBXSourcesBuildPhase section */

/* Begin PBXTargetDependency section */
		F02E65C11F1454DC00F657C9 /* PBXTargetDependency */ = {
			isa = PBXTargetDependency;
			target = 265586EC1EF88770001914FC /* sampleapp-ios-swift */;
			targetProxy = F02E65C01F1454DC00F657C9 /* PBXContainerItemProxy */;
		};
/* End PBXTargetDependency section */

/* Begin PBXVariantGroup section */
		265586F61EF88770001914FC /* Main.storyboard */ = {
			isa = PBXVariantGroup;
			children = (
				265586F71EF88770001914FC /* Base */,
			);
			name = Main.storyboard;
			sourceTree = "<group>";
		};
		265586FB1EF88770001914FC /* LaunchScreen.storyboard */ = {
			isa = PBXVariantGroup;
			children = (
				265586FC1EF88770001914FC /* Base */,
			);
			name = LaunchScreen.storyboard;
			sourceTree = "<group>";
		};
/* End PBXVariantGroup section */

/* Begin XCBuildConfiguration section */
		265587151EF88771001914FC /* Debug */ = {
			isa = XCBuildConfiguration;
			buildSettings = {
				ALWAYS_SEARCH_USER_PATHS = NO;
				CLANG_ANALYZER_NONNULL = YES;
				CLANG_ANALYZER_NUMBER_OBJECT_CONVERSION = YES_AGGRESSIVE;
				CLANG_CXX_LANGUAGE_STANDARD = "gnu++0x";
				CLANG_CXX_LIBRARY = "libc++";
				CLANG_ENABLE_MODULES = YES;
				CLANG_ENABLE_OBJC_ARC = YES;
				CLANG_WARN_BOOL_CONVERSION = YES;
				CLANG_WARN_CONSTANT_CONVERSION = YES;
				CLANG_WARN_DIRECT_OBJC_ISA_USAGE = YES_ERROR;
				CLANG_WARN_DOCUMENTATION_COMMENTS = YES;
				CLANG_WARN_EMPTY_BODY = YES;
				CLANG_WARN_ENUM_CONVERSION = YES;
				CLANG_WARN_INFINITE_RECURSION = YES;
				CLANG_WARN_INT_CONVERSION = YES;
				CLANG_WARN_OBJC_ROOT_CLASS = YES_ERROR;
				CLANG_WARN_SUSPICIOUS_MOVE = YES;
				CLANG_WARN_UNREACHABLE_CODE = YES;
				CLANG_WARN__DUPLICATE_METHOD_MATCH = YES;
				"CODE_SIGN_IDENTITY[sdk=iphoneos*]" = "iPhone Developer";
				COPY_PHASE_STRIP = NO;
				DEBUG_INFORMATION_FORMAT = dwarf;
				ENABLE_BITCODE = NO;
				ENABLE_STRICT_OBJC_MSGSEND = YES;
				ENABLE_TESTABILITY = YES;
				GCC_C_LANGUAGE_STANDARD = gnu99;
				GCC_DYNAMIC_NO_PIC = NO;
				GCC_NO_COMMON_BLOCKS = YES;
				GCC_OPTIMIZATION_LEVEL = 0;
				GCC_PREPROCESSOR_DEFINITIONS = (
					"DEBUG=1",
					"$(inherited)",
				);
				GCC_WARN_64_TO_32_BIT_CONVERSION = YES;
				GCC_WARN_ABOUT_RETURN_TYPE = YES_ERROR;
				GCC_WARN_UNDECLARED_SELECTOR = YES;
				GCC_WARN_UNINITIALIZED_AUTOS = YES_AGGRESSIVE;
				GCC_WARN_UNUSED_FUNCTION = YES;
				GCC_WARN_UNUSED_VARIABLE = YES;
				IPHONEOS_DEPLOYMENT_TARGET = 10.3;
				MTL_ENABLE_DEBUG_INFO = YES;
				ONLY_ACTIVE_ARCH = YES;
				SDKROOT = iphoneos;
				SWIFT_ACTIVE_COMPILATION_CONDITIONS = DEBUG;
				SWIFT_OPTIMIZATION_LEVEL = "-Onone";
				TARGETED_DEVICE_FAMILY = "1,2";
			};
			name = Debug;
		};
		265587161EF88771001914FC /* Release */ = {
			isa = XCBuildConfiguration;
			buildSettings = {
				ALWAYS_SEARCH_USER_PATHS = NO;
				CLANG_ANALYZER_NONNULL = YES;
				CLANG_ANALYZER_NUMBER_OBJECT_CONVERSION = YES_AGGRESSIVE;
				CLANG_CXX_LANGUAGE_STANDARD = "gnu++0x";
				CLANG_CXX_LIBRARY = "libc++";
				CLANG_ENABLE_MODULES = YES;
				CLANG_ENABLE_OBJC_ARC = YES;
				CLANG_WARN_BOOL_CONVERSION = YES;
				CLANG_WARN_CONSTANT_CONVERSION = YES;
				CLANG_WARN_DIRECT_OBJC_ISA_USAGE = YES_ERROR;
				CLANG_WARN_DOCUMENTATION_COMMENTS = YES;
				CLANG_WARN_EMPTY_BODY = YES;
				CLANG_WARN_ENUM_CONVERSION = YES;
				CLANG_WARN_INFINITE_RECURSION = YES;
				CLANG_WARN_INT_CONVERSION = YES;
				CLANG_WARN_OBJC_ROOT_CLASS = YES_ERROR;
				CLANG_WARN_SUSPICIOUS_MOVE = YES;
				CLANG_WARN_UNREACHABLE_CODE = YES;
				CLANG_WARN__DUPLICATE_METHOD_MATCH = YES;
				"CODE_SIGN_IDENTITY[sdk=iphoneos*]" = "iPhone Developer";
				COPY_PHASE_STRIP = NO;
				DEBUG_INFORMATION_FORMAT = "dwarf-with-dsym";
				ENABLE_BITCODE = NO;
				ENABLE_NS_ASSERTIONS = NO;
				ENABLE_STRICT_OBJC_MSGSEND = YES;
				GCC_C_LANGUAGE_STANDARD = gnu99;
				GCC_NO_COMMON_BLOCKS = YES;
				GCC_WARN_64_TO_32_BIT_CONVERSION = YES;
				GCC_WARN_ABOUT_RETURN_TYPE = YES_ERROR;
				GCC_WARN_UNDECLARED_SELECTOR = YES;
				GCC_WARN_UNINITIALIZED_AUTOS = YES_AGGRESSIVE;
				GCC_WARN_UNUSED_FUNCTION = YES;
				GCC_WARN_UNUSED_VARIABLE = YES;
				IPHONEOS_DEPLOYMENT_TARGET = 10.3;
				MTL_ENABLE_DEBUG_INFO = NO;
				SDKROOT = iphoneos;
				SWIFT_OPTIMIZATION_LEVEL = "-Owholemodule";
				TARGETED_DEVICE_FAMILY = "1,2";
				VALIDATE_PRODUCT = YES;
			};
			name = Release;
		};
		265587181EF88771001914FC /* Debug */ = {
			isa = XCBuildConfiguration;
			baseConfigurationReference = 4F01A594D9B5CE89868FAD07 /* Pods-sampleapp-ios-swift.debug.xcconfig */;
			buildSettings = {
				ASSETCATALOG_COMPILER_APPICON_NAME = AppIcon;
				"CODE_SIGN_IDENTITY[sdk=iphoneos*]" = "iPhone Developer";
				DEVELOPMENT_TEAM = "";
				INFOPLIST_FILE = "$(SRCROOT)/sampleapp-ios-swift/Info.plist";
				LD_RUNPATH_SEARCH_PATHS = "$(inherited) @executable_path/Frameworks";
				PRODUCT_BUNDLE_IDENTIFIER = com.microsoft.appcenter.sampleapp.swift;
				PRODUCT_NAME = "$(TARGET_NAME)";
				PROVISIONING_PROFILE = "";
				PROVISIONING_PROFILE_SPECIFIER = "";
				SWIFT_VERSION = 3.0;
				TARGETED_DEVICE_FAMILY = 1;
			};
			name = Debug;
		};
		265587191EF88771001914FC /* Release */ = {
			isa = XCBuildConfiguration;
			baseConfigurationReference = 1FF790B40477C2F03557AC20 /* Pods-sampleapp-ios-swift.release.xcconfig */;
			buildSettings = {
				ASSETCATALOG_COMPILER_APPICON_NAME = AppIcon;
				"CODE_SIGN_IDENTITY[sdk=iphoneos*]" = "iPhone Developer";
				DEVELOPMENT_TEAM = "";
				INFOPLIST_FILE = "$(SRCROOT)/sampleapp-ios-swift/Info.plist";
				LD_RUNPATH_SEARCH_PATHS = "$(inherited) @executable_path/Frameworks";
				PRODUCT_BUNDLE_IDENTIFIER = com.microsoft.appcenter.sampleapp.swift;
				PRODUCT_NAME = "$(TARGET_NAME)";
				PROVISIONING_PROFILE_SPECIFIER = "";
				SWIFT_VERSION = 3.0;
				TARGETED_DEVICE_FAMILY = 1;
			};
			name = Release;
		};
		F02E65C31F1454DC00F657C9 /* Debug */ = {
			isa = XCBuildConfiguration;
			baseConfigurationReference = 552E9B1CAA5E604F5301907D /* Pods-sampleapp-ios-swiftUITests.debug.xcconfig */;
			buildSettings = {
				INFOPLIST_FILE = "sampleapp-ios-swiftUITests/Info.plist";
				LD_RUNPATH_SEARCH_PATHS = "$(inherited) @executable_path/Frameworks @loader_path/Frameworks";
				PRODUCT_BUNDLE_IDENTIFIER = "sampleapp-ios-swiftUITests";
				PRODUCT_NAME = "$(TARGET_NAME)";
				PROVISIONING_PROFILE = "";
				SWIFT_VERSION = 3.0;
				TEST_TARGET_NAME = "sampleapp-ios-swift";
			};
			name = Debug;
		};
		F02E65C41F1454DC00F657C9 /* Release */ = {
			isa = XCBuildConfiguration;
			baseConfigurationReference = 07D8DC3DFAD6FFDFFD74D804 /* Pods-sampleapp-ios-swiftUITests.release.xcconfig */;
			buildSettings = {
				INFOPLIST_FILE = "sampleapp-ios-swiftUITests/Info.plist";
				LD_RUNPATH_SEARCH_PATHS = "$(inherited) @executable_path/Frameworks @loader_path/Frameworks";
				PRODUCT_BUNDLE_IDENTIFIER = "sampleapp-ios-swiftUITests";
				PRODUCT_NAME = "$(TARGET_NAME)";
				PROVISIONING_PROFILE = "";
				SWIFT_VERSION = 3.0;
				TEST_TARGET_NAME = "sampleapp-ios-swift";
			};
			name = Release;
		};
/* End XCBuildConfiguration section */

/* Begin XCConfigurationList section */
		265586E81EF88770001914FC /* Build configuration list for PBXProject "sampleapp-ios-swift" */ = {
			isa = XCConfigurationList;
			buildConfigurations = (
				265587151EF88771001914FC /* Debug */,
				265587161EF88771001914FC /* Release */,
			);
			defaultConfigurationIsVisible = 0;
			defaultConfigurationName = Release;
		};
		265587171EF88771001914FC /* Build configuration list for PBXNativeTarget "sampleapp-ios-swift" */ = {
			isa = XCConfigurationList;
			buildConfigurations = (
				265587181EF88771001914FC /* Debug */,
				265587191EF88771001914FC /* Release */,
			);
			defaultConfigurationIsVisible = 0;
			defaultConfigurationName = Release;
		};
		F02E65C21F1454DC00F657C9 /* Build configuration list for PBXNativeTarget "sampleapp-ios-swiftUITests" */ = {
			isa = XCConfigurationList;
			buildConfigurations = (
				F02E65C31F1454DC00F657C9 /* Debug */,
				F02E65C41F1454DC00F657C9 /* Release */,
			);
			defaultConfigurationIsVisible = 0;
			defaultConfigurationName = Release;
		};
/* End XCConfigurationList section */
	};
	rootObject = 265586E51EF88770001914FC /* Project object */;
}
